// !$*UTF8*$!
{
	archiveVersion = 1;
	classes = {
	};
	objectVersion = 50;
	objects = {

/* Begin PBXBuildFile section */
		733EF566E0470B08FCCD2A49 /* Pods_NextMovie.framework in Frameworks */ = {isa = PBXBuildFile; fileRef = DA1346B3F5383E7D73D60599 /* Pods_NextMovie.framework */; };
		D23A3FFE219F1DB300507EE9 /* CategoriesSelectionViewController.swift in Sources */ = {isa = PBXBuildFile; fileRef = D23A3FFD219F1DB300507EE9 /* CategoriesSelectionViewController.swift */; };
		D23A4002219F23A900507EE9 /* CategoriesNotFoundView.xib in Resources */ = {isa = PBXBuildFile; fileRef = D23A4001219F23A900507EE9 /* CategoriesNotFoundView.xib */; };
		D23A4004219F23BE00507EE9 /* CategoriesNotFound.swift in Sources */ = {isa = PBXBuildFile; fileRef = D23A4003219F23BE00507EE9 /* CategoriesNotFound.swift */; };
		D23A4006219F25AF00507EE9 /* CategoryCoreDataDAO.swift in Sources */ = {isa = PBXBuildFile; fileRef = D23A4005219F25AF00507EE9 /* CategoryCoreDataDAO.swift */; };
		D23A4008219F260D00507EE9 /* CategoryServices.swift in Sources */ = {isa = PBXBuildFile; fileRef = D23A4007219F260D00507EE9 /* CategoryServices.swift */; };
		D23A400F219F6DD500507EE9 /* NoCategorySelectedView.xib in Resources */ = {isa = PBXBuildFile; fileRef = D23A400E219F6DD500507EE9 /* NoCategorySelectedView.xib */; };
		D23A4011219F6E2E00507EE9 /* NoCategorySelectedView.swift in Sources */ = {isa = PBXBuildFile; fileRef = D23A4010219F6E2E00507EE9 /* NoCategorySelectedView.swift */; };
		D23C6990219F9490008B23C3 /* Date+Formatted.swift in Sources */ = {isa = PBXBuildFile; fileRef = D23C698F219F9490008B23C3 /* Date+Formatted.swift */; };
		D23C6993219F9557008B23C3 /* NotificationCategory.swift in Sources */ = {isa = PBXBuildFile; fileRef = D23C6992219F9557008B23C3 /* NotificationCategory.swift */; };
		D23CCC882193216800AF8CD4 /* CustomTextView.swift in Sources */ = {isa = PBXBuildFile; fileRef = D23CCC872193216800AF8CD4 /* CustomTextView.swift */; };
		D2448A5F21A9E382008360B0 /* TrailerTableViewCell.swift in Sources */ = {isa = PBXBuildFile; fileRef = D2448A5E21A9E382008360B0 /* TrailerTableViewCell.swift */; };
		D2448A6121A9E6AA008360B0 /* SelectTrailerViewController.swift in Sources */ = {isa = PBXBuildFile; fileRef = D2448A6021A9E6AA008360B0 /* SelectTrailerViewController.swift */; };
		D2448A6321A9EAC6008360B0 /* MovieItunesServices.swift in Sources */ = {isa = PBXBuildFile; fileRef = D2448A6221A9EAC6008360B0 /* MovieItunesServices.swift */; };
		D2448A6621A9F651008360B0 /* TrailerNotFoundView.swift in Sources */ = {isa = PBXBuildFile; fileRef = D2448A6421A9F651008360B0 /* TrailerNotFoundView.swift */; };
		D2448A6721A9F651008360B0 /* TrailerNotFoundView.xib in Resources */ = {isa = PBXBuildFile; fileRef = D2448A6521A9F651008360B0 /* TrailerNotFoundView.xib */; };
		D25175BD21AADF5100ED693E /* AppStyle.swift in Sources */ = {isa = PBXBuildFile; fileRef = D25175BC21AADF5100ED693E /* AppStyle.swift */; };
		D25175C121AAE21200ED693E /* AddReminderView.swift in Sources */ = {isa = PBXBuildFile; fileRef = D25175C021AAE21200ED693E /* AddReminderView.swift */; };
		D25175C321AAEBD400ED693E /* CodeView.swift in Sources */ = {isa = PBXBuildFile; fileRef = D25175C221AAEBD400ED693E /* CodeView.swift */; };
		D25175C521AB0B9600ED693E /* SettingsView.swift in Sources */ = {isa = PBXBuildFile; fileRef = D25175C421AB0B9600ED693E /* SettingsView.swift */; };
		D25175C721AB168E00ED693E /* SettingsNavigationViewController.swift in Sources */ = {isa = PBXBuildFile; fileRef = D25175C621AB168E00ED693E /* SettingsNavigationViewController.swift */; };
		D25175CC21AB21FC00ED693E /* Localizable.strings in Resources */ = {isa = PBXBuildFile; fileRef = D25175CE21AB21FC00ED693E /* Localizable.strings */; };
		D25175D121AB234B00ED693E /* AddEditMovieViewController.storyboard in Resources */ = {isa = PBXBuildFile; fileRef = D25175D321AB234B00ED693E /* AddEditMovieViewController.storyboard */; };
		D25175D621AB242400ED693E /* SettingsNavigationViewController.storyboard in Resources */ = {isa = PBXBuildFile; fileRef = D25175D821AB242400ED693E /* SettingsNavigationViewController.storyboard */; };
		D25175DB21AB247D00ED693E /* CategoriesSelectionViewController.storyboard in Resources */ = {isa = PBXBuildFile; fileRef = D25175DD21AB247D00ED693E /* CategoriesSelectionViewController.storyboard */; };
		D25175E021AB24CD00ED693E /* MoviesListViewController.storyboard in Resources */ = {isa = PBXBuildFile; fileRef = D25175E221AB24CD00ED693E /* MoviesListViewController.storyboard */; };
		D25175E821AB276B00ED693E /* Strings.swift in Sources */ = {isa = PBXBuildFile; fileRef = D25175E721AB276B00ED693E /* Strings.swift */; };
		D25175E921AB2D7900ED693E /* MovieDetailsViewController.storyboard in Resources */ = {isa = PBXBuildFile; fileRef = D25175EB21AB2D7900ED693E /* MovieDetailsViewController.storyboard */; };
		D25175F521AB2E0600ED693E /* NextMovieTests.swift in Sources */ = {isa = PBXBuildFile; fileRef = D25175F421AB2E0600ED693E /* NextMovieTests.swift */; };
		D251760321AB2E2200ED693E /* NextMovieUITests.swift in Sources */ = {isa = PBXBuildFile; fileRef = D251760221AB2E2200ED693E /* NextMovieUITests.swift */; };
		D251D2BA21947315008C453A /* MovieTableViewCell.swift in Sources */ = {isa = PBXBuildFile; fileRef = D251D2B921947315008C453A /* MovieTableViewCell.swift */; };
		D251D2BC219479E7008C453A /* UIView+Shake.swift in Sources */ = {isa = PBXBuildFile; fileRef = D251D2BB219479E7008C453A /* UIView+Shake.swift */; };
		D25657FB21A5C187000D3DC5 /* ItunesMovie.swift in Sources */ = {isa = PBXBuildFile; fileRef = D25657FA21A5C187000D3DC5 /* ItunesMovie.swift */; };
		D25657FD21A5C27C000D3DC5 /* ItunesResponse.swift in Sources */ = {isa = PBXBuildFile; fileRef = D25657FC21A5C27C000D3DC5 /* ItunesResponse.swift */; };
		D25657FF21A5C81B000D3DC5 /* SelectTrailerViewController.storyboard in Resources */ = {isa = PBXBuildFile; fileRef = D25657FE21A5C81B000D3DC5 /* SelectTrailerViewController.storyboard */; };
		D258723B219DC40F00D0EFDB /* CoreDataManager.swift in Sources */ = {isa = PBXBuildFile; fileRef = D258723A219DC40F00D0EFDB /* CoreDataManager.swift */; };
		D258723E219DC44C00D0EFDB /* NextMovie.xcdatamodeld in Sources */ = {isa = PBXBuildFile; fileRef = D258723C219DC44C00D0EFDB /* NextMovie.xcdatamodeld */; };
		D2587248219DE90100D0EFDB /* Category.swift in Sources */ = {isa = PBXBuildFile; fileRef = D2587247219DE90100D0EFDB /* Category.swift */; };
		D258724B219DEB0700D0EFDB /* MovieCoreDataDAO.swift in Sources */ = {isa = PBXBuildFile; fileRef = D258724A219DEB0700D0EFDB /* MovieCoreDataDAO.swift */; };
		D258724D219DECA200D0EFDB /* Errors.swift in Sources */ = {isa = PBXBuildFile; fileRef = D258724C219DECA200D0EFDB /* Errors.swift */; };
		D258724F219DEDA600D0EFDB /* UIImage+Resized.swift in Sources */ = {isa = PBXBuildFile; fileRef = D258724E219DEDA600D0EFDB /* UIImage+Resized.swift */; };
		D25DACEB21A58E9E00ADF93A /* MovieApiDao.swift in Sources */ = {isa = PBXBuildFile; fileRef = D25DACEA21A58E9E00ADF93A /* MovieApiDao.swift */; };
		D25DACED21A58EEF00ADF93A /* APIRoute.swift in Sources */ = {isa = PBXBuildFile; fileRef = D25DACEC21A58EEF00ADF93A /* APIRoute.swift */; };
		D2635F1B219F906D002B0140 /* AddReminderViewController.swift in Sources */ = {isa = PBXBuildFile; fileRef = D2635F1A219F906D002B0140 /* AddReminderViewController.swift */; };
		D264249C219259BF0071DE6F /* AppDelegate.swift in Sources */ = {isa = PBXBuildFile; fileRef = D264249B219259BF0071DE6F /* AppDelegate.swift */; };
		D264249E219259BF0071DE6F /* MoviesListViewController.swift in Sources */ = {isa = PBXBuildFile; fileRef = D264249D219259BF0071DE6F /* MoviesListViewController.swift */; };
		D26424A1219259BF0071DE6F /* Main.storyboard in Resources */ = {isa = PBXBuildFile; fileRef = D264249F219259BF0071DE6F /* Main.storyboard */; };
		D26424A3219259C10071DE6F /* Assets.xcassets in Resources */ = {isa = PBXBuildFile; fileRef = D26424A2219259C10071DE6F /* Assets.xcassets */; };
		D26424A6219259C10071DE6F /* LaunchScreen.storyboard in Resources */ = {isa = PBXBuildFile; fileRef = D26424A4219259C10071DE6F /* LaunchScreen.storyboard */; };
		D2755495219AF8750047DF7A /* UserDefaultsManager.swift in Sources */ = {isa = PBXBuildFile; fileRef = D2755494219AF8750047DF7A /* UserDefaultsManager.swift */; };
		D2755498219AF9AA0047DF7A /* Settings.bundle in Resources */ = {isa = PBXBuildFile; fileRef = D2755497219AF9AA0047DF7A /* Settings.bundle */; };
		D275549A219AFD480047DF7A /* UIViewController+DarkMode.swift in Sources */ = {isa = PBXBuildFile; fileRef = D2755499219AFD480047DF7A /* UIViewController+DarkMode.swift */; };
		D27856422194E6AF00D36A54 /* KeyboardScrollView.swift in Sources */ = {isa = PBXBuildFile; fileRef = D27856412194E6AF00D36A54 /* KeyboardScrollView.swift */; };
		D27856442194ED4B00D36A54 /* UIViewController+HideKeyboard.swift in Sources */ = {isa = PBXBuildFile; fileRef = D27856432194ED4B00D36A54 /* UIViewController+HideKeyboard.swift */; };
		D28F921121932507009A8B10 /* BorderImageView.swift in Sources */ = {isa = PBXBuildFile; fileRef = D28F921021932507009A8B10 /* BorderImageView.swift */; };
		D298DBBC2195C93900A28C94 /* Xib.swift in Sources */ = {isa = PBXBuildFile; fileRef = D298DBBB2195C93900A28C94 /* Xib.swift */; };
		D298DBBF2195C9CB00A28C94 /* MoviesNotFoundView.swift in Sources */ = {isa = PBXBuildFile; fileRef = D298DBBE2195C9CB00A28C94 /* MoviesNotFoundView.swift */; };
		D298DBC12195C9DD00A28C94 /* MoviesNotFoundView.xib in Resources */ = {isa = PBXBuildFile; fileRef = D298DBC02195C9DD00A28C94 /* MoviesNotFoundView.xib */; };
		D298DBC32195D4DF00A28C94 /* MovieDetailsViewController.swift in Sources */ = {isa = PBXBuildFile; fileRef = D298DBC22195D4DF00A28C94 /* MovieDetailsViewController.swift */; };
		D2B60C3621937D96007FB892 /* Movie.swift in Sources */ = {isa = PBXBuildFile; fileRef = D2B60C3521937D96007FB892 /* Movie.swift */; };
		D2B60C3821937E4B007FB892 /* AddEditMovieViewController.swift in Sources */ = {isa = PBXBuildFile; fileRef = D2B60C3721937E4B007FB892 /* AddEditMovieViewController.swift */; };
		D2C65DEF2196073D00ED21C9 /* MovieLocalServices.swift in Sources */ = {isa = PBXBuildFile; fileRef = D2C65DEE2196073D00ED21C9 /* MovieLocalServices.swift */; };
		D2C65DF1219609CA00ED21C9 /* CategoriesCollectionView.swift in Sources */ = {isa = PBXBuildFile; fileRef = D2C65DF0219609CA00ED21C9 /* CategoriesCollectionView.swift */; };
		D2C65DF321960A9400ED21C9 /* CategoryCollectionViewCell.swift in Sources */ = {isa = PBXBuildFile; fileRef = D2C65DF221960A9400ED21C9 /* CategoryCollectionViewCell.swift */; };
		D2E9B507219AF6DE0032346B /* SettingsViewController.swift in Sources */ = {isa = PBXBuildFile; fileRef = D2E9B506219AF6DE0032346B /* SettingsViewController.swift */; };
		D2F2F50B219638E10087B899 /* ReleaseCollectionView.swift in Sources */ = {isa = PBXBuildFile; fileRef = D2F2F50A219638E10087B899 /* ReleaseCollectionView.swift */; };
		D2F2F50D2196390D0087B899 /* ReleaseTableViewCell.swift in Sources */ = {isa = PBXBuildFile; fileRef = D2F2F50C2196390D0087B899 /* ReleaseTableViewCell.swift */; };
		D2F2F50F2196392B0087B899 /* ReleaseCollectionViewCell.swift in Sources */ = {isa = PBXBuildFile; fileRef = D2F2F50E2196392B0087B899 /* ReleaseCollectionViewCell.swift */; };
/* End PBXBuildFile section */

/* Begin PBXContainerItemProxy section */
		D25175F721AB2E0600ED693E /* PBXContainerItemProxy */ = {
			isa = PBXContainerItemProxy;
			containerPortal = D2642490219259BF0071DE6F /* Project object */;
			proxyType = 1;
			remoteGlobalIDString = D2642497219259BF0071DE6F;
			remoteInfo = NextMovie;
		};
		D251760521AB2E2200ED693E /* PBXContainerItemProxy */ = {
			isa = PBXContainerItemProxy;
			containerPortal = D2642490219259BF0071DE6F /* Project object */;
			proxyType = 1;
			remoteGlobalIDString = D2642497219259BF0071DE6F;
			remoteInfo = NextMovie;
		};
/* End PBXContainerItemProxy section */

/* Begin PBXFileReference section */
		10FFF40EB9FF56F6FC9A368B /* Pods-NextMovie.release.xcconfig */ = {isa = PBXFileReference; includeInIndex = 1; lastKnownFileType = text.xcconfig; name = "Pods-NextMovie.release.xcconfig"; path = "Pods/Target Support Files/Pods-NextMovie/Pods-NextMovie.release.xcconfig"; sourceTree = "<group>"; };
		9FB735809E893A491F9CEDFB /* Pods-NextMovie.debug.xcconfig */ = {isa = PBXFileReference; includeInIndex = 1; lastKnownFileType = text.xcconfig; name = "Pods-NextMovie.debug.xcconfig"; path = "Pods/Target Support Files/Pods-NextMovie/Pods-NextMovie.debug.xcconfig"; sourceTree = "<group>"; };
		D23A3FFD219F1DB300507EE9 /* CategoriesSelectionViewController.swift */ = {isa = PBXFileReference; lastKnownFileType = sourcecode.swift; path = CategoriesSelectionViewController.swift; sourceTree = "<group>"; };
		D23A4001219F23A900507EE9 /* CategoriesNotFoundView.xib */ = {isa = PBXFileReference; fileEncoding = 4; lastKnownFileType = file.xib; path = CategoriesNotFoundView.xib; sourceTree = "<group>"; };
		D23A4003219F23BE00507EE9 /* CategoriesNotFound.swift */ = {isa = PBXFileReference; lastKnownFileType = sourcecode.swift; path = CategoriesNotFound.swift; sourceTree = "<group>"; };
		D23A4005219F25AF00507EE9 /* CategoryCoreDataDAO.swift */ = {isa = PBXFileReference; lastKnownFileType = sourcecode.swift; path = CategoryCoreDataDAO.swift; sourceTree = "<group>"; };
		D23A4007219F260D00507EE9 /* CategoryServices.swift */ = {isa = PBXFileReference; lastKnownFileType = sourcecode.swift; path = CategoryServices.swift; sourceTree = "<group>"; };
		D23A400E219F6DD500507EE9 /* NoCategorySelectedView.xib */ = {isa = PBXFileReference; lastKnownFileType = file.xib; path = NoCategorySelectedView.xib; sourceTree = "<group>"; };
		D23A4010219F6E2E00507EE9 /* NoCategorySelectedView.swift */ = {isa = PBXFileReference; lastKnownFileType = sourcecode.swift; path = NoCategorySelectedView.swift; sourceTree = "<group>"; };
		D23C698F219F9490008B23C3 /* Date+Formatted.swift */ = {isa = PBXFileReference; lastKnownFileType = sourcecode.swift; path = "Date+Formatted.swift"; sourceTree = "<group>"; };
		D23C6992219F9557008B23C3 /* NotificationCategory.swift */ = {isa = PBXFileReference; lastKnownFileType = sourcecode.swift; path = NotificationCategory.swift; sourceTree = "<group>"; };
		D23CCC872193216800AF8CD4 /* CustomTextView.swift */ = {isa = PBXFileReference; lastKnownFileType = sourcecode.swift; path = CustomTextView.swift; sourceTree = "<group>"; };
		D2448A5E21A9E382008360B0 /* TrailerTableViewCell.swift */ = {isa = PBXFileReference; lastKnownFileType = sourcecode.swift; path = TrailerTableViewCell.swift; sourceTree = "<group>"; };
		D2448A6021A9E6AA008360B0 /* SelectTrailerViewController.swift */ = {isa = PBXFileReference; lastKnownFileType = sourcecode.swift; path = SelectTrailerViewController.swift; sourceTree = "<group>"; };
		D2448A6221A9EAC6008360B0 /* MovieItunesServices.swift */ = {isa = PBXFileReference; lastKnownFileType = sourcecode.swift; path = MovieItunesServices.swift; sourceTree = "<group>"; };
		D2448A6421A9F651008360B0 /* TrailerNotFoundView.swift */ = {isa = PBXFileReference; fileEncoding = 4; lastKnownFileType = sourcecode.swift; path = TrailerNotFoundView.swift; sourceTree = "<group>"; };
		D2448A6521A9F651008360B0 /* TrailerNotFoundView.xib */ = {isa = PBXFileReference; fileEncoding = 4; lastKnownFileType = file.xib; path = TrailerNotFoundView.xib; sourceTree = "<group>"; };
		D25175BC21AADF5100ED693E /* AppStyle.swift */ = {isa = PBXFileReference; lastKnownFileType = sourcecode.swift; path = AppStyle.swift; sourceTree = "<group>"; };
		D25175C021AAE21200ED693E /* AddReminderView.swift */ = {isa = PBXFileReference; lastKnownFileType = sourcecode.swift; path = AddReminderView.swift; sourceTree = "<group>"; };
		D25175C221AAEBD400ED693E /* CodeView.swift */ = {isa = PBXFileReference; lastKnownFileType = sourcecode.swift; path = CodeView.swift; sourceTree = "<group>"; };
		D25175C421AB0B9600ED693E /* SettingsView.swift */ = {isa = PBXFileReference; lastKnownFileType = sourcecode.swift; path = SettingsView.swift; sourceTree = "<group>"; };
		D25175C621AB168E00ED693E /* SettingsNavigationViewController.swift */ = {isa = PBXFileReference; lastKnownFileType = sourcecode.swift; path = SettingsNavigationViewController.swift; sourceTree = "<group>"; };
		D25175CA21AB21EE00ED693E /* pt-BR */ = {isa = PBXFileReference; lastKnownFileType = text.plist.strings; name = "pt-BR"; path = "pt-BR.lproj/LaunchScreen.strings"; sourceTree = "<group>"; };
		D25175CD21AB21FC00ED693E /* pt-BR */ = {isa = PBXFileReference; lastKnownFileType = text.plist.strings; name = "pt-BR"; path = "pt-BR.lproj/Localizable.strings"; sourceTree = "<group>"; };
		D25175D021AB221400ED693E /* en */ = {isa = PBXFileReference; lastKnownFileType = text.plist.strings; name = en; path = en.lproj/Localizable.strings; sourceTree = "<group>"; };
		D25175D421AB23C200ED693E /* Base */ = {isa = PBXFileReference; lastKnownFileType = file.storyboard; name = Base; path = Base.lproj/AddEditMovieViewController.storyboard; sourceTree = "<group>"; };
		D25175D521AB23D000ED693E /* pt-BR */ = {isa = PBXFileReference; lastKnownFileType = text.plist.strings; name = "pt-BR"; path = "pt-BR.lproj/AddEditMovieViewController.strings"; sourceTree = "<group>"; };
		D25175D921AB242A00ED693E /* Base */ = {isa = PBXFileReference; lastKnownFileType = file.storyboard; name = Base; path = Base.lproj/SettingsNavigationViewController.storyboard; sourceTree = "<group>"; };
		D25175DA21AB243500ED693E /* pt-BR */ = {isa = PBXFileReference; lastKnownFileType = text.plist.strings; name = "pt-BR"; path = "pt-BR.lproj/SettingsNavigationViewController.strings"; sourceTree = "<group>"; };
		D25175DE21AB248400ED693E /* Base */ = {isa = PBXFileReference; lastKnownFileType = file.storyboard; name = Base; path = Base.lproj/CategoriesSelectionViewController.storyboard; sourceTree = "<group>"; };
		D25175DF21AB248900ED693E /* pt-BR */ = {isa = PBXFileReference; lastKnownFileType = text.plist.strings; name = "pt-BR"; path = "pt-BR.lproj/CategoriesSelectionViewController.strings"; sourceTree = "<group>"; };
		D25175E121AB24CD00ED693E /* Base */ = {isa = PBXFileReference; lastKnownFileType = file.storyboard; name = Base; path = Base.lproj/MoviesListViewController.storyboard; sourceTree = "<group>"; };
		D25175E421AB24D000ED693E /* pt-BR */ = {isa = PBXFileReference; lastKnownFileType = text.plist.strings; name = "pt-BR"; path = "pt-BR.lproj/MoviesListViewController.strings"; sourceTree = "<group>"; };
		D25175E721AB276B00ED693E /* Strings.swift */ = {isa = PBXFileReference; fileEncoding = 4; lastKnownFileType = sourcecode.swift; path = Strings.swift; sourceTree = "<group>"; };
		D25175EA21AB2D7900ED693E /* Base */ = {isa = PBXFileReference; lastKnownFileType = file.storyboard; name = Base; path = Base.lproj/MovieDetailsViewController.storyboard; sourceTree = "<group>"; };
		D25175ED21AB2D7C00ED693E /* pt-BR */ = {isa = PBXFileReference; lastKnownFileType = text.plist.strings; name = "pt-BR"; path = "pt-BR.lproj/MovieDetailsViewController.strings"; sourceTree = "<group>"; };
		D25175F221AB2E0600ED693E /* NextMovieTests.xctest */ = {isa = PBXFileReference; explicitFileType = wrapper.cfbundle; includeInIndex = 0; path = NextMovieTests.xctest; sourceTree = BUILT_PRODUCTS_DIR; };
		D25175F421AB2E0600ED693E /* NextMovieTests.swift */ = {isa = PBXFileReference; lastKnownFileType = sourcecode.swift; path = NextMovieTests.swift; sourceTree = "<group>"; };
		D25175F621AB2E0600ED693E /* Info.plist */ = {isa = PBXFileReference; lastKnownFileType = text.plist.xml; path = Info.plist; sourceTree = "<group>"; };
		D251760021AB2E2100ED693E /* NextMovieUITests.xctest */ = {isa = PBXFileReference; explicitFileType = wrapper.cfbundle; includeInIndex = 0; path = NextMovieUITests.xctest; sourceTree = BUILT_PRODUCTS_DIR; };
		D251760221AB2E2200ED693E /* NextMovieUITests.swift */ = {isa = PBXFileReference; lastKnownFileType = sourcecode.swift; path = NextMovieUITests.swift; sourceTree = "<group>"; };
		D251760421AB2E2200ED693E /* Info.plist */ = {isa = PBXFileReference; lastKnownFileType = text.plist.xml; path = Info.plist; sourceTree = "<group>"; };
		D251D2B921947315008C453A /* MovieTableViewCell.swift */ = {isa = PBXFileReference; lastKnownFileType = sourcecode.swift; path = MovieTableViewCell.swift; sourceTree = "<group>"; };
		D251D2BB219479E7008C453A /* UIView+Shake.swift */ = {isa = PBXFileReference; lastKnownFileType = sourcecode.swift; path = "UIView+Shake.swift"; sourceTree = "<group>"; };
		D25657FA21A5C187000D3DC5 /* ItunesMovie.swift */ = {isa = PBXFileReference; lastKnownFileType = sourcecode.swift; path = ItunesMovie.swift; sourceTree = "<group>"; };
		D25657FC21A5C27C000D3DC5 /* ItunesResponse.swift */ = {isa = PBXFileReference; lastKnownFileType = sourcecode.swift; path = ItunesResponse.swift; sourceTree = "<group>"; };
		D25657FE21A5C81B000D3DC5 /* SelectTrailerViewController.storyboard */ = {isa = PBXFileReference; lastKnownFileType = file.storyboard; path = SelectTrailerViewController.storyboard; sourceTree = "<group>"; };
		D258723A219DC40F00D0EFDB /* CoreDataManager.swift */ = {isa = PBXFileReference; lastKnownFileType = sourcecode.swift; path = CoreDataManager.swift; sourceTree = "<group>"; };
		D258723D219DC44C00D0EFDB /* NextMovie.xcdatamodel */ = {isa = PBXFileReference; lastKnownFileType = wrapper.xcdatamodel; path = NextMovie.xcdatamodel; sourceTree = "<group>"; };
		D2587247219DE90100D0EFDB /* Category.swift */ = {isa = PBXFileReference; lastKnownFileType = sourcecode.swift; path = Category.swift; sourceTree = "<group>"; };
		D258724A219DEB0700D0EFDB /* MovieCoreDataDAO.swift */ = {isa = PBXFileReference; lastKnownFileType = sourcecode.swift; path = MovieCoreDataDAO.swift; sourceTree = "<group>"; };
		D258724C219DECA200D0EFDB /* Errors.swift */ = {isa = PBXFileReference; lastKnownFileType = sourcecode.swift; path = Errors.swift; sourceTree = "<group>"; };
		D258724E219DEDA600D0EFDB /* UIImage+Resized.swift */ = {isa = PBXFileReference; lastKnownFileType = sourcecode.swift; path = "UIImage+Resized.swift"; sourceTree = "<group>"; };
		D25DACEA21A58E9E00ADF93A /* MovieApiDao.swift */ = {isa = PBXFileReference; lastKnownFileType = sourcecode.swift; path = MovieApiDao.swift; sourceTree = "<group>"; };
		D25DACEC21A58EEF00ADF93A /* APIRoute.swift */ = {isa = PBXFileReference; lastKnownFileType = sourcecode.swift; path = APIRoute.swift; sourceTree = "<group>"; };
		D2635F1A219F906D002B0140 /* AddReminderViewController.swift */ = {isa = PBXFileReference; lastKnownFileType = sourcecode.swift; path = AddReminderViewController.swift; sourceTree = "<group>"; };
		D2642498219259BF0071DE6F /* NextMovie.app */ = {isa = PBXFileReference; explicitFileType = wrapper.application; includeInIndex = 0; path = NextMovie.app; sourceTree = BUILT_PRODUCTS_DIR; };
		D264249B219259BF0071DE6F /* AppDelegate.swift */ = {isa = PBXFileReference; lastKnownFileType = sourcecode.swift; path = AppDelegate.swift; sourceTree = "<group>"; };
		D264249D219259BF0071DE6F /* MoviesListViewController.swift */ = {isa = PBXFileReference; lastKnownFileType = sourcecode.swift; path = MoviesListViewController.swift; sourceTree = "<group>"; };
		D26424A0219259BF0071DE6F /* Base */ = {isa = PBXFileReference; lastKnownFileType = file.storyboard; name = Base; path = Base.lproj/Main.storyboard; sourceTree = "<group>"; };
		D26424A2219259C10071DE6F /* Assets.xcassets */ = {isa = PBXFileReference; lastKnownFileType = folder.assetcatalog; path = Assets.xcassets; sourceTree = "<group>"; };
		D26424A5219259C10071DE6F /* Base */ = {isa = PBXFileReference; lastKnownFileType = file.storyboard; name = Base; path = Base.lproj/LaunchScreen.storyboard; sourceTree = "<group>"; };
		D26424A7219259C10071DE6F /* Info.plist */ = {isa = PBXFileReference; lastKnownFileType = text.plist.xml; path = Info.plist; sourceTree = "<group>"; };
		D2755494219AF8750047DF7A /* UserDefaultsManager.swift */ = {isa = PBXFileReference; lastKnownFileType = sourcecode.swift; path = UserDefaultsManager.swift; sourceTree = "<group>"; };
		D2755497219AF9AA0047DF7A /* Settings.bundle */ = {isa = PBXFileReference; lastKnownFileType = "wrapper.plug-in"; path = Settings.bundle; sourceTree = "<group>"; };
		D2755499219AFD480047DF7A /* UIViewController+DarkMode.swift */ = {isa = PBXFileReference; lastKnownFileType = sourcecode.swift; path = "UIViewController+DarkMode.swift"; sourceTree = "<group>"; };
		D27856412194E6AF00D36A54 /* KeyboardScrollView.swift */ = {isa = PBXFileReference; lastKnownFileType = sourcecode.swift; path = KeyboardScrollView.swift; sourceTree = "<group>"; };
		D27856432194ED4B00D36A54 /* UIViewController+HideKeyboard.swift */ = {isa = PBXFileReference; lastKnownFileType = sourcecode.swift; path = "UIViewController+HideKeyboard.swift"; sourceTree = "<group>"; };
		D28F921021932507009A8B10 /* BorderImageView.swift */ = {isa = PBXFileReference; lastKnownFileType = sourcecode.swift; path = BorderImageView.swift; sourceTree = "<group>"; };
		D298DBBB2195C93900A28C94 /* Xib.swift */ = {isa = PBXFileReference; lastKnownFileType = sourcecode.swift; path = Xib.swift; sourceTree = "<group>"; };
		D298DBBE2195C9CB00A28C94 /* MoviesNotFoundView.swift */ = {isa = PBXFileReference; lastKnownFileType = sourcecode.swift; path = MoviesNotFoundView.swift; sourceTree = "<group>"; };
		D298DBC02195C9DD00A28C94 /* MoviesNotFoundView.xib */ = {isa = PBXFileReference; lastKnownFileType = file.xib; path = MoviesNotFoundView.xib; sourceTree = "<group>"; };
		D298DBC22195D4DF00A28C94 /* MovieDetailsViewController.swift */ = {isa = PBXFileReference; lastKnownFileType = sourcecode.swift; path = MovieDetailsViewController.swift; sourceTree = "<group>"; };
		D2B60C3521937D96007FB892 /* Movie.swift */ = {isa = PBXFileReference; lastKnownFileType = sourcecode.swift; path = Movie.swift; sourceTree = "<group>"; };
		D2B60C3721937E4B007FB892 /* AddEditMovieViewController.swift */ = {isa = PBXFileReference; lastKnownFileType = sourcecode.swift; path = AddEditMovieViewController.swift; sourceTree = "<group>"; };
		D2C65DEE2196073D00ED21C9 /* MovieLocalServices.swift */ = {isa = PBXFileReference; lastKnownFileType = sourcecode.swift; path = MovieLocalServices.swift; sourceTree = "<group>"; };
		D2C65DF0219609CA00ED21C9 /* CategoriesCollectionView.swift */ = {isa = PBXFileReference; lastKnownFileType = sourcecode.swift; path = CategoriesCollectionView.swift; sourceTree = "<group>"; };
		D2C65DF221960A9400ED21C9 /* CategoryCollectionViewCell.swift */ = {isa = PBXFileReference; lastKnownFileType = sourcecode.swift; path = CategoryCollectionViewCell.swift; sourceTree = "<group>"; };
		D2E9B506219AF6DE0032346B /* SettingsViewController.swift */ = {isa = PBXFileReference; lastKnownFileType = sourcecode.swift; path = SettingsViewController.swift; sourceTree = "<group>"; };
		D2F2F50A219638E10087B899 /* ReleaseCollectionView.swift */ = {isa = PBXFileReference; lastKnownFileType = sourcecode.swift; path = ReleaseCollectionView.swift; sourceTree = "<group>"; };
		D2F2F50C2196390D0087B899 /* ReleaseTableViewCell.swift */ = {isa = PBXFileReference; lastKnownFileType = sourcecode.swift; path = ReleaseTableViewCell.swift; sourceTree = "<group>"; };
		D2F2F50E2196392B0087B899 /* ReleaseCollectionViewCell.swift */ = {isa = PBXFileReference; lastKnownFileType = sourcecode.swift; path = ReleaseCollectionViewCell.swift; sourceTree = "<group>"; };
		DA1346B3F5383E7D73D60599 /* Pods_NextMovie.framework */ = {isa = PBXFileReference; explicitFileType = wrapper.framework; includeInIndex = 0; path = Pods_NextMovie.framework; sourceTree = BUILT_PRODUCTS_DIR; };
/* End PBXFileReference section */

/* Begin PBXFrameworksBuildPhase section */
		D25175EF21AB2E0600ED693E /* Frameworks */ = {
			isa = PBXFrameworksBuildPhase;
			buildActionMask = 2147483647;
			files = (
			);
			runOnlyForDeploymentPostprocessing = 0;
		};
		D25175FD21AB2E2100ED693E /* Frameworks */ = {
			isa = PBXFrameworksBuildPhase;
			buildActionMask = 2147483647;
			files = (
			);
			runOnlyForDeploymentPostprocessing = 0;
		};
		D2642495219259BF0071DE6F /* Frameworks */ = {
			isa = PBXFrameworksBuildPhase;
			buildActionMask = 2147483647;
			files = (
				733EF566E0470B08FCCD2A49 /* Pods_NextMovie.framework in Frameworks */,
			);
			runOnlyForDeploymentPostprocessing = 0;
		};
/* End PBXFrameworksBuildPhase section */

/* Begin PBXGroup section */
		1EA193E24B0776F0AB13A402 /* Pods */ = {
			isa = PBXGroup;
			children = (
				9FB735809E893A491F9CEDFB /* Pods-NextMovie.debug.xcconfig */,
				10FFF40EB9FF56F6FC9A368B /* Pods-NextMovie.release.xcconfig */,
			);
			name = Pods;
			sourceTree = "<group>";
		};
		D23CCC852193206100AF8CD4 /* Mechanism */ = {
			isa = PBXGroup;
			children = (
				D25175BC21AADF5100ED693E /* AppStyle.swift */,
				D2587239219DC3FB00D0EFDB /* CoreData */,
				D28F920F219324F3009A8B10 /* Custom */,
				D23CCC862193207E00AF8CD4 /* Extensions */,
			);
			path = Mechanism;
			sourceTree = "<group>";
		};
		D23CCC862193207E00AF8CD4 /* Extensions */ = {
			isa = PBXGroup;
			children = (
				D251D2BB219479E7008C453A /* UIView+Shake.swift */,
				D27856432194ED4B00D36A54 /* UIViewController+HideKeyboard.swift */,
				D258724E219DEDA600D0EFDB /* UIImage+Resized.swift */,
				D23C698F219F9490008B23C3 /* Date+Formatted.swift */,
			);
			path = Extensions;
			sourceTree = "<group>";
		};
		D25175BF21AAE20500ED693E /* ViewCode */ = {
			isa = PBXGroup;
			children = (
				D25175C221AAEBD400ED693E /* CodeView.swift */,
				D25175C021AAE21200ED693E /* AddReminderView.swift */,
				D25175C421AB0B9600ED693E /* SettingsView.swift */,
			);
			path = ViewCode;
			sourceTree = "<group>";
		};
		D25175E621AB274000ED693E /* Generated */ = {
			isa = PBXGroup;
			children = (
				D25175E721AB276B00ED693E /* Strings.swift */,
			);
			path = Generated;
			sourceTree = "<group>";
		};
		D25175F321AB2E0600ED693E /* NextMovieTests */ = {
			isa = PBXGroup;
			children = (
				D25175F421AB2E0600ED693E /* NextMovieTests.swift */,
				D25175F621AB2E0600ED693E /* Info.plist */,
			);
			path = NextMovieTests;
			sourceTree = "<group>";
		};
		D251760121AB2E2200ED693E /* NextMovieUITests */ = {
			isa = PBXGroup;
			children = (
				D251760221AB2E2200ED693E /* NextMovieUITests.swift */,
				D251760421AB2E2200ED693E /* Info.plist */,
			);
			path = NextMovieUITests;
			sourceTree = "<group>";
		};
		D251D2B8219472FC008C453A /* Cell */ = {
			isa = PBXGroup;
			children = (
				D251D2B921947315008C453A /* MovieTableViewCell.swift */,
				D2C65DF221960A9400ED21C9 /* CategoryCollectionViewCell.swift */,
				D2F2F50C2196390D0087B899 /* ReleaseTableViewCell.swift */,
				D2F2F50E2196392B0087B899 /* ReleaseCollectionViewCell.swift */,
				D2448A5E21A9E382008360B0 /* TrailerTableViewCell.swift */,
			);
			path = Cell;
			sourceTree = "<group>";
		};
		D2587239219DC3FB00D0EFDB /* CoreData */ = {
			isa = PBXGroup;
			children = (
				D258723A219DC40F00D0EFDB /* CoreDataManager.swift */,
				D258723C219DC44C00D0EFDB /* NextMovie.xcdatamodeld */,
				D23C6992219F9557008B23C3 /* NotificationCategory.swift */,
			);
			path = CoreData;
			sourceTree = "<group>";
		};
		D2587249219DEAED00D0EFDB /* CoreDataDAO */ = {
			isa = PBXGroup;
			children = (
				D258724A219DEB0700D0EFDB /* MovieCoreDataDAO.swift */,
				D23A4005219F25AF00507EE9 /* CategoryCoreDataDAO.swift */,
			);
			path = CoreDataDAO;
			sourceTree = "<group>";
		};
		D25DACE921A58E8600ADF93A /* APIDAO */ = {
			isa = PBXGroup;
			children = (
				D25DACEA21A58E9E00ADF93A /* MovieApiDao.swift */,
				D25DACEC21A58EEF00ADF93A /* APIRoute.swift */,
			);
			path = APIDAO;
			sourceTree = "<group>";
		};
		D264248F219259BF0071DE6F = {
			isa = PBXGroup;
			children = (
				D264249A219259BF0071DE6F /* NextMovie */,
				D25175F321AB2E0600ED693E /* NextMovieTests */,
				D251760121AB2E2200ED693E /* NextMovieUITests */,
				D2642499219259BF0071DE6F /* Products */,
				1EA193E24B0776F0AB13A402 /* Pods */,
				EA3C3E435905B6C0C36DCBA9 /* Frameworks */,
			);
			sourceTree = "<group>";
		};
		D2642499219259BF0071DE6F /* Products */ = {
			isa = PBXGroup;
			children = (
				D2642498219259BF0071DE6F /* NextMovie.app */,
				D25175F221AB2E0600ED693E /* NextMovieTests.xctest */,
				D251760021AB2E2100ED693E /* NextMovieUITests.xctest */,
			);
			name = Products;
			sourceTree = "<group>";
		};
		D264249A219259BF0071DE6F /* NextMovie */ = {
			isa = PBXGroup;
			children = (
				D2755496219AF9920047DF7A /* Resources */,
				D2C65DEC2196071F00ED21C9 /* Business */,
				D2B60C3421937D82007FB892 /* Model */,
				D23CCC852193206100AF8CD4 /* Mechanism */,
				D26424AE219259EC0071DE6F /* Presentation */,
				D26424AD219259D20071DE6F /* Controller */,
				D26424A7219259C10071DE6F /* Info.plist */,
			);
			path = NextMovie;
			sourceTree = "<group>";
		};
		D26424AD219259D20071DE6F /* Controller */ = {
			isa = PBXGroup;
			children = (
				D23A3FFD219F1DB300507EE9 /* CategoriesSelectionViewController.swift */,
				D264249D219259BF0071DE6F /* MoviesListViewController.swift */,
				D2B60C3721937E4B007FB892 /* AddEditMovieViewController.swift */,
				D298DBC22195D4DF00A28C94 /* MovieDetailsViewController.swift */,
				D2C65DF0219609CA00ED21C9 /* CategoriesCollectionView.swift */,
				D2F2F50A219638E10087B899 /* ReleaseCollectionView.swift */,
				D2E9B506219AF6DE0032346B /* SettingsViewController.swift */,
				D2755499219AFD480047DF7A /* UIViewController+DarkMode.swift */,
				D2635F1A219F906D002B0140 /* AddReminderViewController.swift */,
				D2448A6021A9E6AA008360B0 /* SelectTrailerViewController.swift */,
				D25175C621AB168E00ED693E /* SettingsNavigationViewController.swift */,
			);
			path = Controller;
			sourceTree = "<group>";
		};
		D26424AE219259EC0071DE6F /* Presentation */ = {
			isa = PBXGroup;
			children = (
				D25175BF21AAE20500ED693E /* ViewCode */,
				D298DBBD2195C94000A28C94 /* Xib */,
				D251D2B8219472FC008C453A /* Cell */,
				D26424AF219259F50071DE6F /* Storyboard */,
			);
			path = Presentation;
			sourceTree = "<group>";
		};
		D26424AF219259F50071DE6F /* Storyboard */ = {
			isa = PBXGroup;
			children = (
				D26424A4219259C10071DE6F /* LaunchScreen.storyboard */,
				D264249F219259BF0071DE6F /* Main.storyboard */,
				D25175E221AB24CD00ED693E /* MoviesListViewController.storyboard */,
				D25175EB21AB2D7900ED693E /* MovieDetailsViewController.storyboard */,
				D25175D821AB242400ED693E /* SettingsNavigationViewController.storyboard */,
				D25175D321AB234B00ED693E /* AddEditMovieViewController.storyboard */,
				D25175DD21AB247D00ED693E /* CategoriesSelectionViewController.storyboard */,
				D25657FE21A5C81B000D3DC5 /* SelectTrailerViewController.storyboard */,
			);
			path = Storyboard;
			sourceTree = "<group>";
		};
		D2755496219AF9920047DF7A /* Resources */ = {
			isa = PBXGroup;
			children = (
				D25175E621AB274000ED693E /* Generated */,
				D25175CE21AB21FC00ED693E /* Localizable.strings */,
				D2755497219AF9AA0047DF7A /* Settings.bundle */,
				D264249B219259BF0071DE6F /* AppDelegate.swift */,
				D26424A2219259C10071DE6F /* Assets.xcassets */,
			);
			path = Resources;
			sourceTree = "<group>";
		};
		D28F920F219324F3009A8B10 /* Custom */ = {
			isa = PBXGroup;
			children = (
				D23CCC872193216800AF8CD4 /* CustomTextView.swift */,
				D28F921021932507009A8B10 /* BorderImageView.swift */,
				D27856412194E6AF00D36A54 /* KeyboardScrollView.swift */,
				D2755494219AF8750047DF7A /* UserDefaultsManager.swift */,
			);
			path = Custom;
			sourceTree = "<group>";
		};
		D298DBBD2195C94000A28C94 /* Xib */ = {
			isa = PBXGroup;
			children = (
				D298DBBB2195C93900A28C94 /* Xib.swift */,
				D2448A6521A9F651008360B0 /* TrailerNotFoundView.xib */,
				D2448A6421A9F651008360B0 /* TrailerNotFoundView.swift */,
				D298DBBE2195C9CB00A28C94 /* MoviesNotFoundView.swift */,
				D298DBC02195C9DD00A28C94 /* MoviesNotFoundView.xib */,
				D23A4003219F23BE00507EE9 /* CategoriesNotFound.swift */,
				D23A4001219F23A900507EE9 /* CategoriesNotFoundView.xib */,
				D23A4010219F6E2E00507EE9 /* NoCategorySelectedView.swift */,
				D23A400E219F6DD500507EE9 /* NoCategorySelectedView.xib */,
			);
			path = Xib;
			sourceTree = "<group>";
		};
		D2B60C3421937D82007FB892 /* Model */ = {
			isa = PBXGroup;
			children = (
				D2B60C3521937D96007FB892 /* Movie.swift */,
				D2587247219DE90100D0EFDB /* Category.swift */,
				D258724C219DECA200D0EFDB /* Errors.swift */,
				D25657FA21A5C187000D3DC5 /* ItunesMovie.swift */,
				D25657FC21A5C27C000D3DC5 /* ItunesResponse.swift */,
			);
			path = Model;
			sourceTree = "<group>";
		};
		D2C65DEC2196071F00ED21C9 /* Business */ = {
			isa = PBXGroup;
			children = (
				D25DACE921A58E8600ADF93A /* APIDAO */,
				D2587249219DEAED00D0EFDB /* CoreDataDAO */,
				D2C65DED2196072F00ED21C9 /* Services */,
			);
			path = Business;
			sourceTree = "<group>";
		};
		D2C65DED2196072F00ED21C9 /* Services */ = {
			isa = PBXGroup;
			children = (
				D2C65DEE2196073D00ED21C9 /* MovieLocalServices.swift */,
				D23A4007219F260D00507EE9 /* CategoryServices.swift */,
				D2448A6221A9EAC6008360B0 /* MovieItunesServices.swift */,
			);
			path = Services;
			sourceTree = "<group>";
		};
		EA3C3E435905B6C0C36DCBA9 /* Frameworks */ = {
			isa = PBXGroup;
			children = (
				DA1346B3F5383E7D73D60599 /* Pods_NextMovie.framework */,
			);
			name = Frameworks;
			sourceTree = "<group>";
		};
/* End PBXGroup section */

/* Begin PBXNativeTarget section */
		D25175F121AB2E0600ED693E /* NextMovieTests */ = {
			isa = PBXNativeTarget;
			buildConfigurationList = D25175F921AB2E0700ED693E /* Build configuration list for PBXNativeTarget "NextMovieTests" */;
			buildPhases = (
				D25175EE21AB2E0600ED693E /* Sources */,
				D25175EF21AB2E0600ED693E /* Frameworks */,
				D25175F021AB2E0600ED693E /* Resources */,
			);
			buildRules = (
			);
			dependencies = (
				D25175F821AB2E0600ED693E /* PBXTargetDependency */,
			);
			name = NextMovieTests;
			productName = NextMovieTests;
			productReference = D25175F221AB2E0600ED693E /* NextMovieTests.xctest */;
			productType = "com.apple.product-type.bundle.unit-test";
		};
		D25175FF21AB2E2100ED693E /* NextMovieUITests */ = {
			isa = PBXNativeTarget;
			buildConfigurationList = D251760721AB2E2200ED693E /* Build configuration list for PBXNativeTarget "NextMovieUITests" */;
			buildPhases = (
				D25175FC21AB2E2100ED693E /* Sources */,
				D25175FD21AB2E2100ED693E /* Frameworks */,
				D25175FE21AB2E2100ED693E /* Resources */,
			);
			buildRules = (
			);
			dependencies = (
				D251760621AB2E2200ED693E /* PBXTargetDependency */,
			);
			name = NextMovieUITests;
			productName = NextMovieUITests;
			productReference = D251760021AB2E2100ED693E /* NextMovieUITests.xctest */;
			productType = "com.apple.product-type.bundle.ui-testing";
		};
		D2642497219259BF0071DE6F /* NextMovie */ = {
			isa = PBXNativeTarget;
			buildConfigurationList = D26424AA219259C10071DE6F /* Build configuration list for PBXNativeTarget "NextMovie" */;
			buildPhases = (
				D25175E521AB26CC00ED693E /* ShellScript */,
				6F233397C5508C75E444D083 /* [CP] Check Pods Manifest.lock */,
				D2642494219259BF0071DE6F /* Sources */,
				D2642495219259BF0071DE6F /* Frameworks */,
				D2642496219259BF0071DE6F /* Resources */,
				D2F334F721A350B100DF800F /* ShellScript */,
				14D286AFF3A378334AB4F318 /* [CP] Embed Pods Frameworks */,
			);
			buildRules = (
			);
			dependencies = (
			);
			name = NextMovie;
			productName = NextMovie;
			productReference = D2642498219259BF0071DE6F /* NextMovie.app */;
			productType = "com.apple.product-type.application";
		};
/* End PBXNativeTarget section */

/* Begin PBXProject section */
		D2642490219259BF0071DE6F /* Project object */ = {
			isa = PBXProject;
			attributes = {
				LastSwiftUpdateCheck = 1010;
				LastUpgradeCheck = 1010;
				ORGANIZATIONNAME = "Valmir Junior";
				TargetAttributes = {
					D25175F121AB2E0600ED693E = {
						CreatedOnToolsVersion = 10.1;
						TestTargetID = D2642497219259BF0071DE6F;
					};
					D25175FF21AB2E2100ED693E = {
						CreatedOnToolsVersion = 10.1;
						TestTargetID = D2642497219259BF0071DE6F;
					};
					D2642497219259BF0071DE6F = {
						CreatedOnToolsVersion = 10.1;
					};
				};
			};
			buildConfigurationList = D2642493219259BF0071DE6F /* Build configuration list for PBXProject "NextMovie" */;
			compatibilityVersion = "Xcode 9.3";
			developmentRegion = en;
			hasScannedForEncodings = 0;
			knownRegions = (
				en,
				Base,
				"pt-BR",
			);
			mainGroup = D264248F219259BF0071DE6F;
			productRefGroup = D2642499219259BF0071DE6F /* Products */;
			projectDirPath = "";
			projectRoot = "";
			targets = (
				D2642497219259BF0071DE6F /* NextMovie */,
				D25175F121AB2E0600ED693E /* NextMovieTests */,
				D25175FF21AB2E2100ED693E /* NextMovieUITests */,
			);
		};
/* End PBXProject section */

/* Begin PBXResourcesBuildPhase section */
		D25175F021AB2E0600ED693E /* Resources */ = {
			isa = PBXResourcesBuildPhase;
			buildActionMask = 2147483647;
			files = (
			);
			runOnlyForDeploymentPostprocessing = 0;
		};
		D25175FE21AB2E2100ED693E /* Resources */ = {
			isa = PBXResourcesBuildPhase;
			buildActionMask = 2147483647;
			files = (
			);
			runOnlyForDeploymentPostprocessing = 0;
		};
		D2642496219259BF0071DE6F /* Resources */ = {
			isa = PBXResourcesBuildPhase;
			buildActionMask = 2147483647;
			files = (
				D25175D621AB242400ED693E /* SettingsNavigationViewController.storyboard in Resources */,
				D26424A6219259C10071DE6F /* LaunchScreen.storyboard in Resources */,
				D25657FF21A5C81B000D3DC5 /* SelectTrailerViewController.storyboard in Resources */,
				D23A400F219F6DD500507EE9 /* NoCategorySelectedView.xib in Resources */,
				D23A4002219F23A900507EE9 /* CategoriesNotFoundView.xib in Resources */,
				D2448A6721A9F651008360B0 /* TrailerNotFoundView.xib in Resources */,
				D25175DB21AB247D00ED693E /* CategoriesSelectionViewController.storyboard in Resources */,
				D298DBC12195C9DD00A28C94 /* MoviesNotFoundView.xib in Resources */,
				D25175E021AB24CD00ED693E /* MoviesListViewController.storyboard in Resources */,
				D26424A3219259C10071DE6F /* Assets.xcassets in Resources */,
				D25175CC21AB21FC00ED693E /* Localizable.strings in Resources */,
				D25175D121AB234B00ED693E /* AddEditMovieViewController.storyboard in Resources */,
				D25175E921AB2D7900ED693E /* MovieDetailsViewController.storyboard in Resources */,
				D2755498219AF9AA0047DF7A /* Settings.bundle in Resources */,
				D26424A1219259BF0071DE6F /* Main.storyboard in Resources */,
			);
			runOnlyForDeploymentPostprocessing = 0;
		};
/* End PBXResourcesBuildPhase section */

/* Begin PBXShellScriptBuildPhase section */
		14D286AFF3A378334AB4F318 /* [CP] Embed Pods Frameworks */ = {
			isa = PBXShellScriptBuildPhase;
			buildActionMask = 2147483647;
			files = (
			);
			inputFileListPaths = (
			);
			inputPaths = (
				"${SRCROOT}/Pods/Target Support Files/Pods-NextMovie/Pods-NextMovie-frameworks.sh",
				"${BUILT_PRODUCTS_DIR}/Kingfisher/Kingfisher.framework",
			);
			name = "[CP] Embed Pods Frameworks";
			outputFileListPaths = (
			);
			outputPaths = (
				"${TARGET_BUILD_DIR}/${FRAMEWORKS_FOLDER_PATH}/Kingfisher.framework",
			);
			runOnlyForDeploymentPostprocessing = 0;
			shellPath = /bin/sh;
			shellScript = "\"${SRCROOT}/Pods/Target Support Files/Pods-NextMovie/Pods-NextMovie-frameworks.sh\"\n";
			showEnvVarsInLog = 0;
		};
		6F233397C5508C75E444D083 /* [CP] Check Pods Manifest.lock */ = {
			isa = PBXShellScriptBuildPhase;
			buildActionMask = 2147483647;
			files = (
			);
			inputPaths = (
				"${PODS_PODFILE_DIR_PATH}/Podfile.lock",
				"${PODS_ROOT}/Manifest.lock",
			);
			name = "[CP] Check Pods Manifest.lock";
			outputPaths = (
				"$(DERIVED_FILE_DIR)/Pods-NextMovie-checkManifestLockResult.txt",
			);
			runOnlyForDeploymentPostprocessing = 0;
			shellPath = /bin/sh;
			shellScript = "diff \"${PODS_PODFILE_DIR_PATH}/Podfile.lock\" \"${PODS_ROOT}/Manifest.lock\" > /dev/null\nif [ $? != 0 ] ; then\n    # print error to STDERR\n    echo \"error: The sandbox is not in sync with the Podfile.lock. Run 'pod install' or update your CocoaPods installation.\" >&2\n    exit 1\nfi\n# This output is used by Xcode 'outputs' to avoid re-running this script phase.\necho \"SUCCESS\" > \"${SCRIPT_OUTPUT_FILE_0}\"\n";
			showEnvVarsInLog = 0;
		};
		D25175E521AB26CC00ED693E /* ShellScript */ = {
			isa = PBXShellScriptBuildPhase;
			buildActionMask = 2147483647;
			files = (
			);
			inputFileListPaths = (
			);
			inputPaths = (
			);
			outputFileListPaths = (
			);
			outputPaths = (
			);
			runOnlyForDeploymentPostprocessing = 0;
			shellPath = /bin/sh;
			shellScript = "$PODS_ROOT/SwiftGen/bin/swiftgen strings --output $SRCROOT/NextMovie/Resources/Generated/Strings.swift $SRCROOT/NextMovie/Resources/en.lproj/Localizable.strings --param enumName=Localization -t flat-swift4\n";
		};
		D2F334F721A350B100DF800F /* ShellScript */ = {
			isa = PBXShellScriptBuildPhase;
			buildActionMask = 2147483647;
			files = (
			);
			inputFileListPaths = (
			);
			inputPaths = (
			);
			outputFileListPaths = (
			);
			outputPaths = (
			);
			runOnlyForDeploymentPostprocessing = 0;
			shellPath = /bin/sh;
			shellScript = "\"${PODS_ROOT}/SwiftLint/swiftlint\"\n";
		};
/* End PBXShellScriptBuildPhase section */

/* Begin PBXSourcesBuildPhase section */
		D25175EE21AB2E0600ED693E /* Sources */ = {
			isa = PBXSourcesBuildPhase;
			buildActionMask = 2147483647;
			files = (
				D25175F521AB2E0600ED693E /* NextMovieTests.swift in Sources */,
			);
			runOnlyForDeploymentPostprocessing = 0;
		};
		D25175FC21AB2E2100ED693E /* Sources */ = {
			isa = PBXSourcesBuildPhase;
			buildActionMask = 2147483647;
			files = (
				D251760321AB2E2200ED693E /* NextMovieUITests.swift in Sources */,
			);
			runOnlyForDeploymentPostprocessing = 0;
		};
		D2642494219259BF0071DE6F /* Sources */ = {
			isa = PBXSourcesBuildPhase;
			buildActionMask = 2147483647;
			files = (
				D2448A5F21A9E382008360B0 /* TrailerTableViewCell.swift in Sources */,
				D2C65DF321960A9400ED21C9 /* CategoryCollectionViewCell.swift in Sources */,
				D298DBBC2195C93900A28C94 /* Xib.swift in Sources */,
				D2C65DF1219609CA00ED21C9 /* CategoriesCollectionView.swift in Sources */,
				D23A3FFE219F1DB300507EE9 /* CategoriesSelectionViewController.swift in Sources */,
				D2E9B507219AF6DE0032346B /* SettingsViewController.swift in Sources */,
				D25175BD21AADF5100ED693E /* AppStyle.swift in Sources */,
				D2B60C3621937D96007FB892 /* Movie.swift in Sources */,
				D2635F1B219F906D002B0140 /* AddReminderViewController.swift in Sources */,
				D25175C521AB0B9600ED693E /* SettingsView.swift in Sources */,
				D23A4004219F23BE00507EE9 /* CategoriesNotFound.swift in Sources */,
				D298DBC32195D4DF00A28C94 /* MovieDetailsViewController.swift in Sources */,
				D2448A6321A9EAC6008360B0 /* MovieItunesServices.swift in Sources */,
				D28F921121932507009A8B10 /* BorderImageView.swift in Sources */,
				D25DACEB21A58E9E00ADF93A /* MovieApiDao.swift in Sources */,
				D25175C321AAEBD400ED693E /* CodeView.swift in Sources */,
				D258724D219DECA200D0EFDB /* Errors.swift in Sources */,
				D258724B219DEB0700D0EFDB /* MovieCoreDataDAO.swift in Sources */,
				D251D2BA21947315008C453A /* MovieTableViewCell.swift in Sources */,
				D25657FD21A5C27C000D3DC5 /* ItunesResponse.swift in Sources */,
				D258723B219DC40F00D0EFDB /* CoreDataManager.swift in Sources */,
				D264249E219259BF0071DE6F /* MoviesListViewController.swift in Sources */,
				D2448A6121A9E6AA008360B0 /* SelectTrailerViewController.swift in Sources */,
				D264249C219259BF0071DE6F /* AppDelegate.swift in Sources */,
				D25175C721AB168E00ED693E /* SettingsNavigationViewController.swift in Sources */,
				D23A4006219F25AF00507EE9 /* CategoryCoreDataDAO.swift in Sources */,
				D298DBBF2195C9CB00A28C94 /* MoviesNotFoundView.swift in Sources */,
				D258724F219DEDA600D0EFDB /* UIImage+Resized.swift in Sources */,
				D23C6990219F9490008B23C3 /* Date+Formatted.swift in Sources */,
				D2C65DEF2196073D00ED21C9 /* MovieLocalServices.swift in Sources */,
				D25657FB21A5C187000D3DC5 /* ItunesMovie.swift in Sources */,
				D23A4008219F260D00507EE9 /* CategoryServices.swift in Sources */,
				D25175E821AB276B00ED693E /* Strings.swift in Sources */,
				D258723E219DC44C00D0EFDB /* NextMovie.xcdatamodeld in Sources */,
				D25DACED21A58EEF00ADF93A /* APIRoute.swift in Sources */,
				D2F2F50D2196390D0087B899 /* ReleaseTableViewCell.swift in Sources */,
				D27856422194E6AF00D36A54 /* KeyboardScrollView.swift in Sources */,
				D2587248219DE90100D0EFDB /* Category.swift in Sources */,
				D23C6993219F9557008B23C3 /* NotificationCategory.swift in Sources */,
				D2F2F50B219638E10087B899 /* ReleaseCollectionView.swift in Sources */,
				D23A4011219F6E2E00507EE9 /* NoCategorySelectedView.swift in Sources */,
				D251D2BC219479E7008C453A /* UIView+Shake.swift in Sources */,
				D23CCC882193216800AF8CD4 /* CustomTextView.swift in Sources */,
				D2755495219AF8750047DF7A /* UserDefaultsManager.swift in Sources */,
				D25175C121AAE21200ED693E /* AddReminderView.swift in Sources */,
				D2448A6621A9F651008360B0 /* TrailerNotFoundView.swift in Sources */,
				D2F2F50F2196392B0087B899 /* ReleaseCollectionViewCell.swift in Sources */,
				D275549A219AFD480047DF7A /* UIViewController+DarkMode.swift in Sources */,
				D2B60C3821937E4B007FB892 /* AddEditMovieViewController.swift in Sources */,
				D27856442194ED4B00D36A54 /* UIViewController+HideKeyboard.swift in Sources */,
			);
			runOnlyForDeploymentPostprocessing = 0;
		};
/* End PBXSourcesBuildPhase section */

/* Begin PBXTargetDependency section */
		D25175F821AB2E0600ED693E /* PBXTargetDependency */ = {
			isa = PBXTargetDependency;
			target = D2642497219259BF0071DE6F /* NextMovie */;
			targetProxy = D25175F721AB2E0600ED693E /* PBXContainerItemProxy */;
		};
		D251760621AB2E2200ED693E /* PBXTargetDependency */ = {
			isa = PBXTargetDependency;
			target = D2642497219259BF0071DE6F /* NextMovie */;
			targetProxy = D251760521AB2E2200ED693E /* PBXContainerItemProxy */;
		};
/* End PBXTargetDependency section */

/* Begin PBXVariantGroup section */
		D25175CE21AB21FC00ED693E /* Localizable.strings */ = {
			isa = PBXVariantGroup;
			children = (
				D25175CD21AB21FC00ED693E /* pt-BR */,
				D25175D021AB221400ED693E /* en */,
			);
			name = Localizable.strings;
			sourceTree = "<group>";
		};
		D25175D321AB234B00ED693E /* AddEditMovieViewController.storyboard */ = {
			isa = PBXVariantGroup;
			children = (
				D25175D421AB23C200ED693E /* Base */,
				D25175D521AB23D000ED693E /* pt-BR */,
			);
			name = AddEditMovieViewController.storyboard;
			sourceTree = "<group>";
		};
		D25175D821AB242400ED693E /* SettingsNavigationViewController.storyboard */ = {
			isa = PBXVariantGroup;
			children = (
				D25175D921AB242A00ED693E /* Base */,
				D25175DA21AB243500ED693E /* pt-BR */,
			);
			name = SettingsNavigationViewController.storyboard;
			sourceTree = "<group>";
		};
		D25175DD21AB247D00ED693E /* CategoriesSelectionViewController.storyboard */ = {
			isa = PBXVariantGroup;
			children = (
				D25175DE21AB248400ED693E /* Base */,
				D25175DF21AB248900ED693E /* pt-BR */,
			);
			name = CategoriesSelectionViewController.storyboard;
			sourceTree = "<group>";
		};
		D25175E221AB24CD00ED693E /* MoviesListViewController.storyboard */ = {
			isa = PBXVariantGroup;
			children = (
				D25175E121AB24CD00ED693E /* Base */,
				D25175E421AB24D000ED693E /* pt-BR */,
			);
			name = MoviesListViewController.storyboard;
			sourceTree = "<group>";
		};
		D25175EB21AB2D7900ED693E /* MovieDetailsViewController.storyboard */ = {
			isa = PBXVariantGroup;
			children = (
				D25175EA21AB2D7900ED693E /* Base */,
				D25175ED21AB2D7C00ED693E /* pt-BR */,
			);
			name = MovieDetailsViewController.storyboard;
			sourceTree = "<group>";
		};
		D264249F219259BF0071DE6F /* Main.storyboard */ = {
			isa = PBXVariantGroup;
			children = (
				D26424A0219259BF0071DE6F /* Base */,
			);
			name = Main.storyboard;
			sourceTree = "<group>";
		};
		D26424A4219259C10071DE6F /* LaunchScreen.storyboard */ = {
			isa = PBXVariantGroup;
			children = (
				D26424A5219259C10071DE6F /* Base */,
				D25175CA21AB21EE00ED693E /* pt-BR */,
			);
			name = LaunchScreen.storyboard;
			sourceTree = "<group>";
		};
/* End PBXVariantGroup section */

/* Begin XCBuildConfiguration section */
		D25175FA21AB2E0700ED693E /* Debug */ = {
			isa = XCBuildConfiguration;
			buildSettings = {
				BUNDLE_LOADER = "$(TEST_HOST)";
				CODE_SIGN_STYLE = Automatic;
				DEVELOPMENT_TEAM = 5W8YC8Y5Q7;
				INFOPLIST_FILE = NextMovieTests/Info.plist;
				LD_RUNPATH_SEARCH_PATHS = (
					"$(inherited)",
					"@executable_path/Frameworks",
					"@loader_path/Frameworks",
				);
				PRODUCT_BUNDLE_IDENTIFIER = com.vrjunior.NextMovieTests;
				PRODUCT_NAME = "$(TARGET_NAME)";
				SWIFT_VERSION = 4.2;
				TARGETED_DEVICE_FAMILY = "1,2";
				TEST_HOST = "$(BUILT_PRODUCTS_DIR)/NextMovie.app/NextMovie";
			};
			name = Debug;
		};
		D25175FB21AB2E0700ED693E /* Release */ = {
			isa = XCBuildConfiguration;
			buildSettings = {
				BUNDLE_LOADER = "$(TEST_HOST)";
				CODE_SIGN_STYLE = Automatic;
				DEVELOPMENT_TEAM = 5W8YC8Y5Q7;
				INFOPLIST_FILE = NextMovieTests/Info.plist;
				LD_RUNPATH_SEARCH_PATHS = (
					"$(inherited)",
					"@executable_path/Frameworks",
					"@loader_path/Frameworks",
				);
				PRODUCT_BUNDLE_IDENTIFIER = com.vrjunior.NextMovieTests;
				PRODUCT_NAME = "$(TARGET_NAME)";
				SWIFT_VERSION = 4.2;
				TARGETED_DEVICE_FAMILY = "1,2";
				TEST_HOST = "$(BUILT_PRODUCTS_DIR)/NextMovie.app/NextMovie";
			};
			name = Release;
		};
		D251760821AB2E2200ED693E /* Debug */ = {
			isa = XCBuildConfiguration;
			buildSettings = {
				CODE_SIGN_STYLE = Automatic;
				DEVELOPMENT_TEAM = 5W8YC8Y5Q7;
				INFOPLIST_FILE = NextMovieUITests/Info.plist;
				LD_RUNPATH_SEARCH_PATHS = (
					"$(inherited)",
					"@executable_path/Frameworks",
					"@loader_path/Frameworks",
				);
				PRODUCT_BUNDLE_IDENTIFIER = com.vrjunior.NextMovieUITests;
				PRODUCT_NAME = "$(TARGET_NAME)";
				SWIFT_VERSION = 4.2;
				TARGETED_DEVICE_FAMILY = "1,2";
				TEST_TARGET_NAME = NextMovie;
			};
			name = Debug;
		};
		D251760921AB2E2200ED693E /* Release */ = {
			isa = XCBuildConfiguration;
			buildSettings = {
				CODE_SIGN_STYLE = Automatic;
				DEVELOPMENT_TEAM = 5W8YC8Y5Q7;
				INFOPLIST_FILE = NextMovieUITests/Info.plist;
				LD_RUNPATH_SEARCH_PATHS = (
					"$(inherited)",
					"@executable_path/Frameworks",
					"@loader_path/Frameworks",
				);
				PRODUCT_BUNDLE_IDENTIFIER = com.vrjunior.NextMovieUITests;
				PRODUCT_NAME = "$(TARGET_NAME)";
				SWIFT_VERSION = 4.2;
				TARGETED_DEVICE_FAMILY = "1,2";
				TEST_TARGET_NAME = NextMovie;
			};
			name = Release;
		};
		D26424A8219259C10071DE6F /* Debug */ = {
			isa = XCBuildConfiguration;
			buildSettings = {
				ALWAYS_SEARCH_USER_PATHS = NO;
				CLANG_ANALYZER_LOCALIZABILITY_NONLOCALIZED = YES;
				CLANG_ANALYZER_NONNULL = YES;
				CLANG_ANALYZER_NUMBER_OBJECT_CONVERSION = YES_AGGRESSIVE;
				CLANG_CXX_LANGUAGE_STANDARD = "gnu++14";
				CLANG_CXX_LIBRARY = "libc++";
				CLANG_ENABLE_MODULES = YES;
				CLANG_ENABLE_OBJC_ARC = YES;
				CLANG_ENABLE_OBJC_WEAK = YES;
				CLANG_WARN_BLOCK_CAPTURE_AUTORELEASING = YES;
				CLANG_WARN_BOOL_CONVERSION = YES;
				CLANG_WARN_COMMA = YES;
				CLANG_WARN_CONSTANT_CONVERSION = YES;
				CLANG_WARN_DEPRECATED_OBJC_IMPLEMENTATIONS = YES;
				CLANG_WARN_DIRECT_OBJC_ISA_USAGE = YES_ERROR;
				CLANG_WARN_DOCUMENTATION_COMMENTS = YES;
				CLANG_WARN_EMPTY_BODY = YES;
				CLANG_WARN_ENUM_CONVERSION = YES;
				CLANG_WARN_INFINITE_RECURSION = YES;
				CLANG_WARN_INT_CONVERSION = YES;
				CLANG_WARN_NON_LITERAL_NULL_CONVERSION = YES;
				CLANG_WARN_OBJC_IMPLICIT_RETAIN_SELF = YES;
				CLANG_WARN_OBJC_LITERAL_CONVERSION = YES;
				CLANG_WARN_OBJC_ROOT_CLASS = YES_ERROR;
				CLANG_WARN_RANGE_LOOP_ANALYSIS = YES;
				CLANG_WARN_STRICT_PROTOTYPES = YES;
				CLANG_WARN_SUSPICIOUS_MOVE = YES;
				CLANG_WARN_UNGUARDED_AVAILABILITY = YES_AGGRESSIVE;
				CLANG_WARN_UNREACHABLE_CODE = YES;
				CLANG_WARN__DUPLICATE_METHOD_MATCH = YES;
				CODE_SIGN_IDENTITY = "iPhone Developer";
				COPY_PHASE_STRIP = NO;
				DEBUG_INFORMATION_FORMAT = dwarf;
				ENABLE_STRICT_OBJC_MSGSEND = YES;
				ENABLE_TESTABILITY = YES;
				GCC_C_LANGUAGE_STANDARD = gnu11;
				GCC_DYNAMIC_NO_PIC = NO;
				GCC_NO_COMMON_BLOCKS = YES;
				GCC_OPTIMIZATION_LEVEL = 0;
				GCC_PREPROCESSOR_DEFINITIONS = (
					"DEBUG=1",
					"$(inherited)",
				);
				GCC_WARN_64_TO_32_BIT_CONVERSION = YES;
				GCC_WARN_ABOUT_RETURN_TYPE = YES_ERROR;
				GCC_WARN_UNDECLARED_SELECTOR = YES;
				GCC_WARN_UNINITIALIZED_AUTOS = YES_AGGRESSIVE;
				GCC_WARN_UNUSED_FUNCTION = YES;
				GCC_WARN_UNUSED_VARIABLE = YES;
				IPHONEOS_DEPLOYMENT_TARGET = 12.1;
				MTL_ENABLE_DEBUG_INFO = INCLUDE_SOURCE;
				MTL_FAST_MATH = YES;
				ONLY_ACTIVE_ARCH = YES;
				SDKROOT = iphoneos;
				SWIFT_ACTIVE_COMPILATION_CONDITIONS = DEBUG;
				SWIFT_OPTIMIZATION_LEVEL = "-Onone";
			};
			name = Debug;
		};
		D26424A9219259C10071DE6F /* Release */ = {
			isa = XCBuildConfiguration;
			buildSettings = {
				ALWAYS_SEARCH_USER_PATHS = NO;
				CLANG_ANALYZER_LOCALIZABILITY_NONLOCALIZED = YES;
				CLANG_ANALYZER_NONNULL = YES;
				CLANG_ANALYZER_NUMBER_OBJECT_CONVERSION = YES_AGGRESSIVE;
				CLANG_CXX_LANGUAGE_STANDARD = "gnu++14";
				CLANG_CXX_LIBRARY = "libc++";
				CLANG_ENABLE_MODULES = YES;
				CLANG_ENABLE_OBJC_ARC = YES;
				CLANG_ENABLE_OBJC_WEAK = YES;
				CLANG_WARN_BLOCK_CAPTURE_AUTORELEASING = YES;
				CLANG_WARN_BOOL_CONVERSION = YES;
				CLANG_WARN_COMMA = YES;
				CLANG_WARN_CONSTANT_CONVERSION = YES;
				CLANG_WARN_DEPRECATED_OBJC_IMPLEMENTATIONS = YES;
				CLANG_WARN_DIRECT_OBJC_ISA_USAGE = YES_ERROR;
				CLANG_WARN_DOCUMENTATION_COMMENTS = YES;
				CLANG_WARN_EMPTY_BODY = YES;
				CLANG_WARN_ENUM_CONVERSION = YES;
				CLANG_WARN_INFINITE_RECURSION = YES;
				CLANG_WARN_INT_CONVERSION = YES;
				CLANG_WARN_NON_LITERAL_NULL_CONVERSION = YES;
				CLANG_WARN_OBJC_IMPLICIT_RETAIN_SELF = YES;
				CLANG_WARN_OBJC_LITERAL_CONVERSION = YES;
				CLANG_WARN_OBJC_ROOT_CLASS = YES_ERROR;
				CLANG_WARN_RANGE_LOOP_ANALYSIS = YES;
				CLANG_WARN_STRICT_PROTOTYPES = YES;
				CLANG_WARN_SUSPICIOUS_MOVE = YES;
				CLANG_WARN_UNGUARDED_AVAILABILITY = YES_AGGRESSIVE;
				CLANG_WARN_UNREACHABLE_CODE = YES;
				CLANG_WARN__DUPLICATE_METHOD_MATCH = YES;
				CODE_SIGN_IDENTITY = "iPhone Developer";
				COPY_PHASE_STRIP = NO;
				DEBUG_INFORMATION_FORMAT = "dwarf-with-dsym";
				ENABLE_NS_ASSERTIONS = NO;
				ENABLE_STRICT_OBJC_MSGSEND = YES;
				GCC_C_LANGUAGE_STANDARD = gnu11;
				GCC_NO_COMMON_BLOCKS = YES;
				GCC_WARN_64_TO_32_BIT_CONVERSION = YES;
				GCC_WARN_ABOUT_RETURN_TYPE = YES_ERROR;
				GCC_WARN_UNDECLARED_SELECTOR = YES;
				GCC_WARN_UNINITIALIZED_AUTOS = YES_AGGRESSIVE;
				GCC_WARN_UNUSED_FUNCTION = YES;
				GCC_WARN_UNUSED_VARIABLE = YES;
				IPHONEOS_DEPLOYMENT_TARGET = 12.1;
				MTL_ENABLE_DEBUG_INFO = NO;
				MTL_FAST_MATH = YES;
				SDKROOT = iphoneos;
				SWIFT_COMPILATION_MODE = wholemodule;
				SWIFT_OPTIMIZATION_LEVEL = "-O";
				VALIDATE_PRODUCT = YES;
			};
			name = Release;
		};
		D26424AB219259C10071DE6F /* Debug */ = {
			isa = XCBuildConfiguration;
			baseConfigurationReference = 9FB735809E893A491F9CEDFB /* Pods-NextMovie.debug.xcconfig */;
			buildSettings = {
				ASSETCATALOG_COMPILER_APPICON_NAME = AppIcon;
				CODE_SIGN_STYLE = Automatic;
				DEVELOPMENT_TEAM = 5W8YC8Y5Q7;
				INFOPLIST_FILE = NextMovie/Info.plist;
				IPHONEOS_DEPLOYMENT_TARGET = 11.0;
				LD_RUNPATH_SEARCH_PATHS = (
					"$(inherited)",
					"@executable_path/Frameworks",
				);
				PRODUCT_BUNDLE_IDENTIFIER = com.vrmassoni.NextMovie;
				PRODUCT_NAME = "$(TARGET_NAME)";
				SWIFT_VERSION = 4.2;
				TARGETED_DEVICE_FAMILY = "1,2";
			};
			name = Debug;
		};
		D26424AC219259C10071DE6F /* Release */ = {
			isa = XCBuildConfiguration;
			baseConfigurationReference = 10FFF40EB9FF56F6FC9A368B /* Pods-NextMovie.release.xcconfig */;
			buildSettings = {
				ASSETCATALOG_COMPILER_APPICON_NAME = AppIcon;
				CODE_SIGN_STYLE = Automatic;
				DEVELOPMENT_TEAM = 5W8YC8Y5Q7;
				INFOPLIST_FILE = NextMovie/Info.plist;
				IPHONEOS_DEPLOYMENT_TARGET = 11.0;
				LD_RUNPATH_SEARCH_PATHS = (
					"$(inherited)",
					"@executable_path/Frameworks",
				);
				PRODUCT_BUNDLE_IDENTIFIER = com.vrmassoni.NextMovie;
				PRODUCT_NAME = "$(TARGET_NAME)";
				SWIFT_VERSION = 4.2;
				TARGETED_DEVICE_FAMILY = "1,2";
			};
			name = Release;
		};
/* End XCBuildConfiguration section */

/* Begin XCConfigurationList section */
		D25175F921AB2E0700ED693E /* Build configuration list for PBXNativeTarget "NextMovieTests" */ = {
			isa = XCConfigurationList;
			buildConfigurations = (
				D25175FA21AB2E0700ED693E /* Debug */,
				D25175FB21AB2E0700ED693E /* Release */,
			);
			defaultConfigurationIsVisible = 0;
			defaultConfigurationName = Release;
		};
		D251760721AB2E2200ED693E /* Build configuration list for PBXNativeTarget "NextMovieUITests" */ = {
			isa = XCConfigurationList;
			buildConfigurations = (
				D251760821AB2E2200ED693E /* Debug */,
				D251760921AB2E2200ED693E /* Release */,
			);
			defaultConfigurationIsVisible = 0;
			defaultConfigurationName = Release;
		};
		D2642493219259BF0071DE6F /* Build configuration list for PBXProject "NextMovie" */ = {
			isa = XCConfigurationList;
			buildConfigurations = (
				D26424A8219259C10071DE6F /* Debug */,
				D26424A9219259C10071DE6F /* Release */,
			);
			defaultConfigurationIsVisible = 0;
			defaultConfigurationName = Release;
		};
		D26424AA219259C10071DE6F /* Build configuration list for PBXNativeTarget "NextMovie" */ = {
			isa = XCConfigurationList;
			buildConfigurations = (
				D26424AB219259C10071DE6F /* Debug */,
				D26424AC219259C10071DE6F /* Release */,
			);
			defaultConfigurationIsVisible = 0;
			defaultConfigurationName = Release;
		};
/* End XCConfigurationList section */

/* Begin XCVersionGroup section */
		D258723C219DC44C00D0EFDB /* NextMovie.xcdatamodeld */ = {
			isa = XCVersionGroup;
			children = (
				D258723D219DC44C00D0EFDB /* NextMovie.xcdatamodel */,
			);
			currentVersion = D258723D219DC44C00D0EFDB /* NextMovie.xcdatamodel */;
			path = NextMovie.xcdatamodeld;
			sourceTree = "<group>";
			versionGroupType = wrapper.xcdatamodel;
		};
/* End XCVersionGroup section */
	};
	rootObject = D2642490219259BF0071DE6F /* Project object */;
}
