// !$*UTF8*$!
{
	archiveVersion = 1;
	classes = {
	};
	objectVersion = 50;
	objects = {

/* Begin PBXBuildFile section */
		D23CCC882193216800AF8CD4 /* CustomTextView.swift in Sources */ = {isa = PBXBuildFile; fileRef = D23CCC872193216800AF8CD4 /* CustomTextView.swift */; };
		D251D2BA21947315008C453A /* MovieTableViewCell.swift in Sources */ = {isa = PBXBuildFile; fileRef = D251D2B921947315008C453A /* MovieTableViewCell.swift */; };
		D251D2BC219479E7008C453A /* UIView+Shake.swift in Sources */ = {isa = PBXBuildFile; fileRef = D251D2BB219479E7008C453A /* UIView+Shake.swift */; };
		D264249C219259BF0071DE6F /* AppDelegate.swift in Sources */ = {isa = PBXBuildFile; fileRef = D264249B219259BF0071DE6F /* AppDelegate.swift */; };
		D264249E219259BF0071DE6F /* MoviesListViewController.swift in Sources */ = {isa = PBXBuildFile; fileRef = D264249D219259BF0071DE6F /* MoviesListViewController.swift */; };
		D26424A1219259BF0071DE6F /* Main.storyboard in Resources */ = {isa = PBXBuildFile; fileRef = D264249F219259BF0071DE6F /* Main.storyboard */; };
		D26424A3219259C10071DE6F /* Assets.xcassets in Resources */ = {isa = PBXBuildFile; fileRef = D26424A2219259C10071DE6F /* Assets.xcassets */; };
		D26424A6219259C10071DE6F /* LaunchScreen.storyboard in Resources */ = {isa = PBXBuildFile; fileRef = D26424A4219259C10071DE6F /* LaunchScreen.storyboard */; };
		D26424B121925A430071DE6F /* SettingsViewController.storyboard in Resources */ = {isa = PBXBuildFile; fileRef = D26424B021925A430071DE6F /* SettingsViewController.storyboard */; };
		D26424B321925A6E0071DE6F /* MovieDetailsViewController.storyboard in Resources */ = {isa = PBXBuildFile; fileRef = D26424B221925A6E0071DE6F /* MovieDetailsViewController.storyboard */; };
		D26424B521925A8B0071DE6F /* MoviesListViewController.storyboard in Resources */ = {isa = PBXBuildFile; fileRef = D26424B421925A8B0071DE6F /* MoviesListViewController.storyboard */; };
		D26424B721925FE00071DE6F /* AddMovieViewController.storyboard in Resources */ = {isa = PBXBuildFile; fileRef = D26424B621925FE00071DE6F /* AddMovieViewController.storyboard */; };
		D27856422194E6AF00D36A54 /* KeyboardScrollView.swift in Sources */ = {isa = PBXBuildFile; fileRef = D27856412194E6AF00D36A54 /* KeyboardScrollView.swift */; };
		D27856442194ED4B00D36A54 /* UIViewController+HideKeyboard.swift in Sources */ = {isa = PBXBuildFile; fileRef = D27856432194ED4B00D36A54 /* UIViewController+HideKeyboard.swift */; };
		D28F921121932507009A8B10 /* BorderImageView.swift in Sources */ = {isa = PBXBuildFile; fileRef = D28F921021932507009A8B10 /* BorderImageView.swift */; };
		D298DBBC2195C93900A28C94 /* Xib.swift in Sources */ = {isa = PBXBuildFile; fileRef = D298DBBB2195C93900A28C94 /* Xib.swift */; };
		D298DBBF2195C9CB00A28C94 /* MoviesNotFoundView.swift in Sources */ = {isa = PBXBuildFile; fileRef = D298DBBE2195C9CB00A28C94 /* MoviesNotFoundView.swift */; };
		D298DBC12195C9DD00A28C94 /* MoviesNotFoundView.xib in Resources */ = {isa = PBXBuildFile; fileRef = D298DBC02195C9DD00A28C94 /* MoviesNotFoundView.xib */; };
		D298DBC32195D4DF00A28C94 /* MovieDetailsViewController.swift in Sources */ = {isa = PBXBuildFile; fileRef = D298DBC22195D4DF00A28C94 /* MovieDetailsViewController.swift */; };
		D2B60C3621937D96007FB892 /* Movie.swift in Sources */ = {isa = PBXBuildFile; fileRef = D2B60C3521937D96007FB892 /* Movie.swift */; };
		D2B60C3821937E4B007FB892 /* AddMovieViewController.swift in Sources */ = {isa = PBXBuildFile; fileRef = D2B60C3721937E4B007FB892 /* AddMovieViewController.swift */; };
/* End PBXBuildFile section */

/* Begin PBXFileReference section */
		D23CCC872193216800AF8CD4 /* CustomTextView.swift */ = {isa = PBXFileReference; lastKnownFileType = sourcecode.swift; path = CustomTextView.swift; sourceTree = "<group>"; };
		D251D2B921947315008C453A /* MovieTableViewCell.swift */ = {isa = PBXFileReference; lastKnownFileType = sourcecode.swift; path = MovieTableViewCell.swift; sourceTree = "<group>"; };
		D251D2BB219479E7008C453A /* UIView+Shake.swift */ = {isa = PBXFileReference; lastKnownFileType = sourcecode.swift; path = "UIView+Shake.swift"; sourceTree = "<group>"; };
		D2642498219259BF0071DE6F /* NextMovie.app */ = {isa = PBXFileReference; explicitFileType = wrapper.application; includeInIndex = 0; path = NextMovie.app; sourceTree = BUILT_PRODUCTS_DIR; };
		D264249B219259BF0071DE6F /* AppDelegate.swift */ = {isa = PBXFileReference; lastKnownFileType = sourcecode.swift; path = AppDelegate.swift; sourceTree = "<group>"; };
		D264249D219259BF0071DE6F /* MoviesListViewController.swift */ = {isa = PBXFileReference; lastKnownFileType = sourcecode.swift; path = MoviesListViewController.swift; sourceTree = "<group>"; };
		D26424A0219259BF0071DE6F /* Base */ = {isa = PBXFileReference; lastKnownFileType = file.storyboard; name = Base; path = Base.lproj/Main.storyboard; sourceTree = "<group>"; };
		D26424A2219259C10071DE6F /* Assets.xcassets */ = {isa = PBXFileReference; lastKnownFileType = folder.assetcatalog; path = Assets.xcassets; sourceTree = "<group>"; };
		D26424A5219259C10071DE6F /* Base */ = {isa = PBXFileReference; lastKnownFileType = file.storyboard; name = Base; path = Base.lproj/LaunchScreen.storyboard; sourceTree = "<group>"; };
		D26424A7219259C10071DE6F /* Info.plist */ = {isa = PBXFileReference; lastKnownFileType = text.plist.xml; path = Info.plist; sourceTree = "<group>"; };
		D26424B021925A430071DE6F /* SettingsViewController.storyboard */ = {isa = PBXFileReference; lastKnownFileType = file.storyboard; path = SettingsViewController.storyboard; sourceTree = "<group>"; };
		D26424B221925A6E0071DE6F /* MovieDetailsViewController.storyboard */ = {isa = PBXFileReference; lastKnownFileType = file.storyboard; path = MovieDetailsViewController.storyboard; sourceTree = "<group>"; };
		D26424B421925A8B0071DE6F /* MoviesListViewController.storyboard */ = {isa = PBXFileReference; lastKnownFileType = file.storyboard; path = MoviesListViewController.storyboard; sourceTree = "<group>"; };
		D26424B621925FE00071DE6F /* AddMovieViewController.storyboard */ = {isa = PBXFileReference; lastKnownFileType = file.storyboard; path = AddMovieViewController.storyboard; sourceTree = "<group>"; };
		D27856412194E6AF00D36A54 /* KeyboardScrollView.swift */ = {isa = PBXFileReference; lastKnownFileType = sourcecode.swift; path = KeyboardScrollView.swift; sourceTree = "<group>"; };
		D27856432194ED4B00D36A54 /* UIViewController+HideKeyboard.swift */ = {isa = PBXFileReference; lastKnownFileType = sourcecode.swift; path = "UIViewController+HideKeyboard.swift"; sourceTree = "<group>"; };
		D28F921021932507009A8B10 /* BorderImageView.swift */ = {isa = PBXFileReference; lastKnownFileType = sourcecode.swift; path = BorderImageView.swift; sourceTree = "<group>"; };
		D298DBBB2195C93900A28C94 /* Xib.swift */ = {isa = PBXFileReference; lastKnownFileType = sourcecode.swift; path = Xib.swift; sourceTree = "<group>"; };
		D298DBBE2195C9CB00A28C94 /* MoviesNotFoundView.swift */ = {isa = PBXFileReference; lastKnownFileType = sourcecode.swift; path = MoviesNotFoundView.swift; sourceTree = "<group>"; };
		D298DBC02195C9DD00A28C94 /* MoviesNotFoundView.xib */ = {isa = PBXFileReference; lastKnownFileType = file.xib; path = MoviesNotFoundView.xib; sourceTree = "<group>"; };
		D298DBC22195D4DF00A28C94 /* MovieDetailsViewController.swift */ = {isa = PBXFileReference; lastKnownFileType = sourcecode.swift; path = MovieDetailsViewController.swift; sourceTree = "<group>"; };
		D2B60C3521937D96007FB892 /* Movie.swift */ = {isa = PBXFileReference; lastKnownFileType = sourcecode.swift; path = Movie.swift; sourceTree = "<group>"; };
		D2B60C3721937E4B007FB892 /* AddMovieViewController.swift */ = {isa = PBXFileReference; lastKnownFileType = sourcecode.swift; path = AddMovieViewController.swift; sourceTree = "<group>"; };
/* End PBXFileReference section */

/* Begin PBXFrameworksBuildPhase section */
		D2642495219259BF0071DE6F /* Frameworks */ = {
			isa = PBXFrameworksBuildPhase;
			buildActionMask = 2147483647;
			files = (
			);
			runOnlyForDeploymentPostprocessing = 0;
		};
/* End PBXFrameworksBuildPhase section */

/* Begin PBXGroup section */
		D23CCC852193206100AF8CD4 /* Mechanism */ = {
			isa = PBXGroup;
			children = (
				D28F920F219324F3009A8B10 /* Custom */,
				D23CCC862193207E00AF8CD4 /* Extensions */,
			);
			path = Mechanism;
			sourceTree = "<group>";
		};
		D23CCC862193207E00AF8CD4 /* Extensions */ = {
			isa = PBXGroup;
			children = (
				D251D2BB219479E7008C453A /* UIView+Shake.swift */,
				D27856432194ED4B00D36A54 /* UIViewController+HideKeyboard.swift */,
			);
			path = Extensions;
			sourceTree = "<group>";
		};
		D251D2B8219472FC008C453A /* Cell */ = {
			isa = PBXGroup;
			children = (
				D251D2B921947315008C453A /* MovieTableViewCell.swift */,
			);
			path = Cell;
			sourceTree = "<group>";
		};
		D264248F219259BF0071DE6F = {
			isa = PBXGroup;
			children = (
				D264249A219259BF0071DE6F /* NextMovie */,
				D2642499219259BF0071DE6F /* Products */,
			);
			sourceTree = "<group>";
		};
		D2642499219259BF0071DE6F /* Products */ = {
			isa = PBXGroup;
			children = (
				D2642498219259BF0071DE6F /* NextMovie.app */,
			);
			name = Products;
			sourceTree = "<group>";
		};
		D264249A219259BF0071DE6F /* NextMovie */ = {
			isa = PBXGroup;
			children = (
				D2B60C3421937D82007FB892 /* Model */,
				D23CCC852193206100AF8CD4 /* Mechanism */,
				D26424AE219259EC0071DE6F /* Presentation */,
				D26424AD219259D20071DE6F /* Controller */,
				D264249B219259BF0071DE6F /* AppDelegate.swift */,
				D26424A2219259C10071DE6F /* Assets.xcassets */,
				D26424A7219259C10071DE6F /* Info.plist */,
			);
			path = NextMovie;
			sourceTree = "<group>";
		};
		D26424AD219259D20071DE6F /* Controller */ = {
			isa = PBXGroup;
			children = (
				D264249D219259BF0071DE6F /* MoviesListViewController.swift */,
				D2B60C3721937E4B007FB892 /* AddMovieViewController.swift */,
				D298DBC22195D4DF00A28C94 /* MovieDetailsViewController.swift */,
			);
			path = Controller;
			sourceTree = "<group>";
		};
		D26424AE219259EC0071DE6F /* Presentation */ = {
			isa = PBXGroup;
			children = (
				D298DBBD2195C94000A28C94 /* Xib */,
				D251D2B8219472FC008C453A /* Cell */,
				D26424AF219259F50071DE6F /* Storyboard */,
			);
			path = Presentation;
			sourceTree = "<group>";
		};
		D26424AF219259F50071DE6F /* Storyboard */ = {
			isa = PBXGroup;
			children = (
				D26424A4219259C10071DE6F /* LaunchScreen.storyboard */,
				D264249F219259BF0071DE6F /* Main.storyboard */,
				D26424B421925A8B0071DE6F /* MoviesListViewController.storyboard */,
				D26424B221925A6E0071DE6F /* MovieDetailsViewController.storyboard */,
				D26424B021925A430071DE6F /* SettingsViewController.storyboard */,
				D26424B621925FE00071DE6F /* AddMovieViewController.storyboard */,
			);
			path = Storyboard;
			sourceTree = "<group>";
		};
		D28F920F219324F3009A8B10 /* Custom */ = {
			isa = PBXGroup;
			children = (
				D23CCC872193216800AF8CD4 /* CustomTextView.swift */,
				D28F921021932507009A8B10 /* BorderImageView.swift */,
				D27856412194E6AF00D36A54 /* KeyboardScrollView.swift */,
			);
			path = Custom;
			sourceTree = "<group>";
		};
		D298DBBD2195C94000A28C94 /* Xib */ = {
			isa = PBXGroup;
			children = (
				D298DBBB2195C93900A28C94 /* Xib.swift */,
				D298DBBE2195C9CB00A28C94 /* MoviesNotFoundView.swift */,
				D298DBC02195C9DD00A28C94 /* MoviesNotFoundView.xib */,
			);
			path = Xib;
			sourceTree = "<group>";
		};
		D2B60C3421937D82007FB892 /* Model */ = {
			isa = PBXGroup;
			children = (
				D2B60C3521937D96007FB892 /* Movie.swift */,
			);
			path = Model;
			sourceTree = "<group>";
		};
/* End PBXGroup section */

/* Begin PBXNativeTarget section */
		D2642497219259BF0071DE6F /* NextMovie */ = {
			isa = PBXNativeTarget;
			buildConfigurationList = D26424AA219259C10071DE6F /* Build configuration list for PBXNativeTarget "NextMovie" */;
			buildPhases = (
				D2642494219259BF0071DE6F /* Sources */,
				D2642495219259BF0071DE6F /* Frameworks */,
				D2642496219259BF0071DE6F /* Resources */,
			);
			buildRules = (
			);
			dependencies = (
			);
			name = NextMovie;
			productName = NextMovie;
			productReference = D2642498219259BF0071DE6F /* NextMovie.app */;
			productType = "com.apple.product-type.application";
		};
/* End PBXNativeTarget section */

/* Begin PBXProject section */
		D2642490219259BF0071DE6F /* Project object */ = {
			isa = PBXProject;
			attributes = {
				LastSwiftUpdateCheck = 1010;
				LastUpgradeCheck = 1010;
				ORGANIZATIONNAME = "Valmir Junior";
				TargetAttributes = {
					D2642497219259BF0071DE6F = {
						CreatedOnToolsVersion = 10.1;
					};
				};
			};
			buildConfigurationList = D2642493219259BF0071DE6F /* Build configuration list for PBXProject "NextMovie" */;
			compatibilityVersion = "Xcode 9.3";
			developmentRegion = en;
			hasScannedForEncodings = 0;
			knownRegions = (
				en,
				Base,
			);
			mainGroup = D264248F219259BF0071DE6F;
			productRefGroup = D2642499219259BF0071DE6F /* Products */;
			projectDirPath = "";
			projectRoot = "";
			targets = (
				D2642497219259BF0071DE6F /* NextMovie */,
			);
		};
/* End PBXProject section */

/* Begin PBXResourcesBuildPhase section */
		D2642496219259BF0071DE6F /* Resources */ = {
			isa = PBXResourcesBuildPhase;
			buildActionMask = 2147483647;
			files = (
				D26424B121925A430071DE6F /* SettingsViewController.storyboard in Resources */,
				D26424A6219259C10071DE6F /* LaunchScreen.storyboard in Resources */,
				D298DBC12195C9DD00A28C94 /* MoviesNotFoundView.xib in Resources */,
				D26424B521925A8B0071DE6F /* MoviesListViewController.storyboard in Resources */,
				D26424A3219259C10071DE6F /* Assets.xcassets in Resources */,
				D26424B721925FE00071DE6F /* AddMovieViewController.storyboard in Resources */,
				D26424B321925A6E0071DE6F /* MovieDetailsViewController.storyboard in Resources */,
				D26424A1219259BF0071DE6F /* Main.storyboard in Resources */,
			);
			runOnlyForDeploymentPostprocessing = 0;
		};
/* End PBXResourcesBuildPhase section */

/* Begin PBXSourcesBuildPhase section */
		D2642494219259BF0071DE6F /* Sources */ = {
			isa = PBXSourcesBuildPhase;
			buildActionMask = 2147483647;
			files = (
				D298DBBC2195C93900A28C94 /* Xib.swift in Sources */,
				D2B60C3621937D96007FB892 /* Movie.swift in Sources */,
				D298DBC32195D4DF00A28C94 /* MovieDetailsViewController.swift in Sources */,
				D28F921121932507009A8B10 /* BorderImageView.swift in Sources */,
				D251D2BA21947315008C453A /* MovieTableViewCell.swift in Sources */,
				D264249E219259BF0071DE6F /* MoviesListViewController.swift in Sources */,
				D264249C219259BF0071DE6F /* AppDelegate.swift in Sources */,
				D298DBBF2195C9CB00A28C94 /* MoviesNotFoundView.swift in Sources */,
				D27856422194E6AF00D36A54 /* KeyboardScrollView.swift in Sources */,
				D251D2BC219479E7008C453A /* UIView+Shake.swift in Sources */,
				D23CCC882193216800AF8CD4 /* CustomTextView.swift in Sources */,
				D2B60C3821937E4B007FB892 /* AddMovieViewController.swift in Sources */,
				D27856442194ED4B00D36A54 /* UIViewController+HideKeyboard.swift in Sources */,
			);
			runOnlyForDeploymentPostprocessing = 0;
		};
/* End PBXSourcesBuildPhase section */

/* Begin PBXVariantGroup section */
		D264249F219259BF0071DE6F /* Main.storyboard */ = {
			isa = PBXVariantGroup;
			children = (
				D26424A0219259BF0071DE6F /* Base */,
			);
			name = Main.storyboard;
			sourceTree = "<group>";
		};
		D26424A4219259C10071DE6F /* LaunchScreen.storyboard */ = {
			isa = PBXVariantGroup;
			children = (
				D26424A5219259C10071DE6F /* Base */,
			);
			name = LaunchScreen.storyboard;
			sourceTree = "<group>";
		};
/* End PBXVariantGroup section */

/* Begin XCBuildConfiguration section */
		D26424A8219259C10071DE6F /* Debug */ = {
			isa = XCBuildConfiguration;
			buildSettings = {
				ALWAYS_SEARCH_USER_PATHS = NO;
				CLANG_ANALYZER_NONNULL = YES;
				CLANG_ANALYZER_NUMBER_OBJECT_CONVERSION = YES_AGGRESSIVE;
				CLANG_CXX_LANGUAGE_STANDARD = "gnu++14";
				CLANG_CXX_LIBRARY = "libc++";
				CLANG_ENABLE_MODULES = YES;
				CLANG_ENABLE_OBJC_ARC = YES;
				CLANG_ENABLE_OBJC_WEAK = YES;
				CLANG_WARN_BLOCK_CAPTURE_AUTORELEASING = YES;
				CLANG_WARN_BOOL_CONVERSION = YES;
				CLANG_WARN_COMMA = YES;
				CLANG_WARN_CONSTANT_CONVERSION = YES;
				CLANG_WARN_DEPRECATED_OBJC_IMPLEMENTATIONS = YES;
				CLANG_WARN_DIRECT_OBJC_ISA_USAGE = YES_ERROR;
				CLANG_WARN_DOCUMENTATION_COMMENTS = YES;
				CLANG_WARN_EMPTY_BODY = YES;
				CLANG_WARN_ENUM_CONVERSION = YES;
				CLANG_WARN_INFINITE_RECURSION = YES;
				CLANG_WARN_INT_CONVERSION = YES;
				CLANG_WARN_NON_LITERAL_NULL_CONVERSION = YES;
				CLANG_WARN_OBJC_IMPLICIT_RETAIN_SELF = YES;
				CLANG_WARN_OBJC_LITERAL_CONVERSION = YES;
				CLANG_WARN_OBJC_ROOT_CLASS = YES_ERROR;
				CLANG_WARN_RANGE_LOOP_ANALYSIS = YES;
				CLANG_WARN_STRICT_PROTOTYPES = YES;
				CLANG_WARN_SUSPICIOUS_MOVE = YES;
				CLANG_WARN_UNGUARDED_AVAILABILITY = YES_AGGRESSIVE;
				CLANG_WARN_UNREACHABLE_CODE = YES;
				CLANG_WARN__DUPLICATE_METHOD_MATCH = YES;
				CODE_SIGN_IDENTITY = "iPhone Developer";
				COPY_PHASE_STRIP = NO;
				DEBUG_INFORMATION_FORMAT = dwarf;
				ENABLE_STRICT_OBJC_MSGSEND = YES;
				ENABLE_TESTABILITY = YES;
				GCC_C_LANGUAGE_STANDARD = gnu11;
				GCC_DYNAMIC_NO_PIC = NO;
				GCC_NO_COMMON_BLOCKS = YES;
				GCC_OPTIMIZATION_LEVEL = 0;
				GCC_PREPROCESSOR_DEFINITIONS = (
					"DEBUG=1",
					"$(inherited)",
				);
				GCC_WARN_64_TO_32_BIT_CONVERSION = YES;
				GCC_WARN_ABOUT_RETURN_TYPE = YES_ERROR;
				GCC_WARN_UNDECLARED_SELECTOR = YES;
				GCC_WARN_UNINITIALIZED_AUTOS = YES_AGGRESSIVE;
				GCC_WARN_UNUSED_FUNCTION = YES;
				GCC_WARN_UNUSED_VARIABLE = YES;
				IPHONEOS_DEPLOYMENT_TARGET = 12.1;
				MTL_ENABLE_DEBUG_INFO = INCLUDE_SOURCE;
				MTL_FAST_MATH = YES;
				ONLY_ACTIVE_ARCH = YES;
				SDKROOT = iphoneos;
				SWIFT_ACTIVE_COMPILATION_CONDITIONS = DEBUG;
				SWIFT_OPTIMIZATION_LEVEL = "-Onone";
			};
			name = Debug;
		};
		D26424A9219259C10071DE6F /* Release */ = {
			isa = XCBuildConfiguration;
			buildSettings = {
				ALWAYS_SEARCH_USER_PATHS = NO;
				CLANG_ANALYZER_NONNULL = YES;
				CLANG_ANALYZER_NUMBER_OBJECT_CONVERSION = YES_AGGRESSIVE;
				CLANG_CXX_LANGUAGE_STANDARD = "gnu++14";
				CLANG_CXX_LIBRARY = "libc++";
				CLANG_ENABLE_MODULES = YES;
				CLANG_ENABLE_OBJC_ARC = YES;
				CLANG_ENABLE_OBJC_WEAK = YES;
				CLANG_WARN_BLOCK_CAPTURE_AUTORELEASING = YES;
				CLANG_WARN_BOOL_CONVERSION = YES;
				CLANG_WARN_COMMA = YES;
				CLANG_WARN_CONSTANT_CONVERSION = YES;
				CLANG_WARN_DEPRECATED_OBJC_IMPLEMENTATIONS = YES;
				CLANG_WARN_DIRECT_OBJC_ISA_USAGE = YES_ERROR;
				CLANG_WARN_DOCUMENTATION_COMMENTS = YES;
				CLANG_WARN_EMPTY_BODY = YES;
				CLANG_WARN_ENUM_CONVERSION = YES;
				CLANG_WARN_INFINITE_RECURSION = YES;
				CLANG_WARN_INT_CONVERSION = YES;
				CLANG_WARN_NON_LITERAL_NULL_CONVERSION = YES;
				CLANG_WARN_OBJC_IMPLICIT_RETAIN_SELF = YES;
				CLANG_WARN_OBJC_LITERAL_CONVERSION = YES;
				CLANG_WARN_OBJC_ROOT_CLASS = YES_ERROR;
				CLANG_WARN_RANGE_LOOP_ANALYSIS = YES;
				CLANG_WARN_STRICT_PROTOTYPES = YES;
				CLANG_WARN_SUSPICIOUS_MOVE = YES;
				CLANG_WARN_UNGUARDED_AVAILABILITY = YES_AGGRESSIVE;
				CLANG_WARN_UNREACHABLE_CODE = YES;
				CLANG_WARN__DUPLICATE_METHOD_MATCH = YES;
				CODE_SIGN_IDENTITY = "iPhone Developer";
				COPY_PHASE_STRIP = NO;
				DEBUG_INFORMATION_FORMAT = "dwarf-with-dsym";
				ENABLE_NS_ASSERTIONS = NO;
				ENABLE_STRICT_OBJC_MSGSEND = YES;
				GCC_C_LANGUAGE_STANDARD = gnu11;
				GCC_NO_COMMON_BLOCKS = YES;
				GCC_WARN_64_TO_32_BIT_CONVERSION = YES;
				GCC_WARN_ABOUT_RETURN_TYPE = YES_ERROR;
				GCC_WARN_UNDECLARED_SELECTOR = YES;
				GCC_WARN_UNINITIALIZED_AUTOS = YES_AGGRESSIVE;
				GCC_WARN_UNUSED_FUNCTION = YES;
				GCC_WARN_UNUSED_VARIABLE = YES;
				IPHONEOS_DEPLOYMENT_TARGET = 12.1;
				MTL_ENABLE_DEBUG_INFO = NO;
				MTL_FAST_MATH = YES;
				SDKROOT = iphoneos;
				SWIFT_COMPILATION_MODE = wholemodule;
				SWIFT_OPTIMIZATION_LEVEL = "-O";
				VALIDATE_PRODUCT = YES;
			};
			name = Release;
		};
		D26424AB219259C10071DE6F /* Debug */ = {
			isa = XCBuildConfiguration;
			buildSettings = {
				ASSETCATALOG_COMPILER_APPICON_NAME = AppIcon;
				CODE_SIGN_STYLE = Automatic;
				DEVELOPMENT_TEAM = 5W8YC8Y5Q7;
				INFOPLIST_FILE = NextMovie/Info.plist;
				IPHONEOS_DEPLOYMENT_TARGET = 11.0;
				LD_RUNPATH_SEARCH_PATHS = (
					"$(inherited)",
					"@executable_path/Frameworks",
				);
				PRODUCT_BUNDLE_IDENTIFIER = com.vrmassoni.NextMovie;
				PRODUCT_NAME = "$(TARGET_NAME)";
				SWIFT_VERSION = 4.2;
				TARGETED_DEVICE_FAMILY = "1,2";
			};
			name = Debug;
		};
		D26424AC219259C10071DE6F /* Release */ = {
			isa = XCBuildConfiguration;
			buildSettings = {
				ASSETCATALOG_COMPILER_APPICON_NAME = AppIcon;
				CODE_SIGN_STYLE = Automatic;
				DEVELOPMENT_TEAM = 5W8YC8Y5Q7;
				INFOPLIST_FILE = NextMovie/Info.plist;
				IPHONEOS_DEPLOYMENT_TARGET = 11.0;
				LD_RUNPATH_SEARCH_PATHS = (
					"$(inherited)",
					"@executable_path/Frameworks",
				);
				PRODUCT_BUNDLE_IDENTIFIER = com.vrmassoni.NextMovie;
				PRODUCT_NAME = "$(TARGET_NAME)";
				SWIFT_VERSION = 4.2;
				TARGETED_DEVICE_FAMILY = "1,2";
			};
			name = Release;
		};
/* End XCBuildConfiguration section */

/* Begin XCConfigurationList section */
		D2642493219259BF0071DE6F /* Build configuration list for PBXProject "NextMovie" */ = {
			isa = XCConfigurationList;
			buildConfigurations = (
				D26424A8219259C10071DE6F /* Debug */,
				D26424A9219259C10071DE6F /* Release */,
			);
			defaultConfigurationIsVisible = 0;
			defaultConfigurationName = Release;
		};
		D26424AA219259C10071DE6F /* Build configuration list for PBXNativeTarget "NextMovie" */ = {
			isa = XCConfigurationList;
			buildConfigurations = (
				D26424AB219259C10071DE6F /* Debug */,
				D26424AC219259C10071DE6F /* Release */,
			);
			defaultConfigurationIsVisible = 0;
			defaultConfigurationName = Release;
		};
/* End XCConfigurationList section */
	};
	rootObject = D2642490219259BF0071DE6F /* Project object */;
}
