PODS:
  - Kingfisher (4.10.1)
  - SwiftGen (6.0.2)
  - SwiftLint (0.27.0)

DEPENDENCIES:
  - Kingfisher
  - SwiftGen
  - SwiftLint

SPEC REPOS:
  https://github.com/cocoapods/specs.git:
    - Kingfisher
    - SwiftGen
    - SwiftLint

SPEC CHECKSUMS:
  Kingfisher: c148cd7b47ebde9989f6bc7c27dcaa79d81279a0
  SwiftGen: e5b047067aa84082826a0c4f1c4c2ddc95bcf74c
  SwiftLint: 3207c1faa2240bf8973b191820a116113cd11073

PODFILE CHECKSUM: 28a8055f4390d62e07ab4b0094161870ad2ef64a

COCOAPODS: 1.5.3
